// !$*UTF8*$!
{
	archiveVersion = 1;
	classes = {
	};
	objectVersion = 46;
	objects = {

/* Begin PBXAggregateTarget section */
		2B309B13A965F08D89122992 /* NeveStrip - All */ = {
			isa = PBXAggregateTarget;
			buildConfigurationList = 4FE106A198D2CE638BAD5196;
			buildPhases = (
			);
			dependencies = (
				A25F8089F4F06B4771928EEC,
				46BA38F84C6DB32341F07392,
				EA30BA9FC3C1C32B48E11F38,
				A0EC16444E457A8C5B359281,
			);
			name = "NeveStrip - All";
			productName = NeveStrip;
		};
/* End PBXAggregateTarget section */

/* Begin PBXBuildFile section */
		05F0005E5BB18214B412150A /* AudioToolbox.framework */ = {isa = PBXBuildFile; fileRef = E687F757A2CBCD5AC3628515; };
		09C8230BE7FA91F85A270B62 /* include_juce_audio_formats.mm */ = {isa = PBXBuildFile; fileRef = A07ADBD69691EC2FB2734337; };
		0AAD858812C8B5487B78F1F6 /* HighPassFilter.cpp */ = {isa = PBXBuildFile; fileRef = A12865C3817EBBA9450C5039; };
		0B618FA64C69BA68E7DB0E98 /* WebKit.framework */ = {isa = PBXBuildFile; fileRef = 6D47BED3E59FFF941053DF4D; };
		0F235462A77880747E703519 /* NeveEQ.cpp */ = {isa = PBXBuildFile; fileRef = FC92D5FE229FF0494A913BD7; };
		1237AF99B45F28900A61ADC4 /* include_juce_audio_basics.mm */ = {isa = PBXBuildFile; fileRef = 466465EEFC5E027A1B3E2B06; };
		15F4B14333CF5D599661BCE7 /* include_juce_gui_extra.mm */ = {isa = PBXBuildFile; fileRef = 93F8F74819B256CAF976970D; };
		190F2F8FE86DBA8EEE6093EE /* Cocoa.framework */ = {isa = PBXBuildFile; fileRef = 46503FD47A4C69C903FB3291; };
		19A911EDD98FE3F793B8764C /* NeveLimiter.cpp */ = {isa = PBXBuildFile; fileRef = 6AE840BA08699B68E3E3F85E; };
		1F489D1D25B99A376CE6957E /* include_juce_data_structures.mm */ = {isa = PBXBuildFile; fileRef = 9F2BC242867135F02894182B; };
		20158D7CDD57FAD40D0FB092 /* Shared Code */ = {isa = PBXBuildFile; fileRef = FE7F76F63009F0E33E37D9EB; };
		2365B86C50B2D349310D8005 /* VST3 */ = {isa = PBXBuildFile; fileRef = E4E73A0E58B3BF2081B915CE; };
		2C86571BF8598A7070618EF2 /* include_juce_audio_processors.mm */ = {isa = PBXBuildFile; fileRef = 98ACF3AF601B162E338EB440; };
		2DEB8D43D716DB880AF47A79 /* NeveCompressor.cpp */ = {isa = PBXBuildFile; fileRef = B2FD00407EED8DBD824DFDC2; };
		2FD6C41FE1D3CD106824AF15 /* include_juce_core_CompilationTime.cpp */ = {isa = PBXBuildFile; fileRef = 1813230BC009738C03215894; };
		35ED3479AEC780E4A952DA37 /* juce_VST3ManifestHelper.mm */ = {isa = PBXBuildFile; fileRef = 65D78EE09AE87C3A9C7091D2; settings = { COMPILER_FLAGS = "-w -DJUCE_SKIP_PRECOMPILED_HEADER"; }; };
		36278F451299AB7CD951940F /* AU */ = {isa = PBXBuildFile; fileRef = 1947178C019834D58508BCD3; };
		372CE770066ED72C3ED6F1D8 /* include_juce_graphics_Sheenbidi.c */ = {isa = PBXBuildFile; fileRef = EF10E6C50547B97485889AC9; };
		3B0BB7181A59D8F06BFB5AD5 /* include_juce_gui_basics.mm */ = {isa = PBXBuildFile; fileRef = A838BFF25C3E58D335DB62DC; };
		3CE67C0E46AAEA1690765B71 /* include_juce_audio_utils.mm */ = {isa = PBXBuildFile; fileRef = ECABE0F9640617F7957905F3; };
		3F168943D1DBE1EFAA28BBBF /* include_juce_audio_processors_headless.mm */ = {isa = PBXBuildFile; fileRef = 217EE8C99780795660EFB029; };
		41EA389F68FECA803ADBE68E /* include_juce_audio_plugin_client_ARA.cpp */ = {isa = PBXBuildFile; fileRef = ED50A552CA751A75999E24C4; };
		4EFE50B1361E32EAB3286F98 /* include_juce_audio_processors_headless_lv2_libs.cpp */ = {isa = PBXBuildFile; fileRef = 3883A9AE00C7256AA4C510AC; };
		4F0DAB199EF8D71DF906AD28 /* DiscRecording.framework */ = {isa = PBXBuildFile; fileRef = 15351397FC78366DC56D6D2A; };
		511F26C166BD50891DB5F2C6 /* MetalKit.framework */ = {isa = PBXBuildFile; fileRef = 1EF6DC592503BC9B5BF75B73; settings = { ATTRIBUTES = (Weak, ); }; };
		51286C4D176E49F4F75478C8 /* PluginProcessor.cpp */ = {isa = PBXBuildFile; fileRef = 95856FD663BD9731234BC2EF; };
		52F2754EE8651B2B10FC2F0F /* Foundation.framework */ = {isa = PBXBuildFile; fileRef = 153F60FF78467F3588B201C2; };
		54084B594DB562ACDEC74E92 /* CoreAudio.framework */ = {isa = PBXBuildFile; fileRef = 4FC6C3607236F40DED173AF0; };
		593A90C50CDCE1AA27975ADB /* PluginEditor.cpp */ = {isa = PBXBuildFile; fileRef = 0D47A752E2C4318C392B504A; };
		5B6FB7454EA3F7A334DD8111 /* AudioUnit.framework */ = {isa = PBXBuildFile; fileRef = A4C7C4D15C054B6006541B3B; };
		5D71497ED3C486DCDD0527E0 /* QuartzCore.framework */ = {isa = PBXBuildFile; fileRef = 8DC02555708013815CF04B9C; };
		6B11AEC5F384C986175203B4 /* CoreAudioKit.framework */ = {isa = PBXBuildFile; fileRef = 1D10965850AC3E4F2CA93F6A; };
		76580A61728EF2A2AAAC7E54 /* include_juce_audio_plugin_client_AU_2.mm */ = {isa = PBXBuildFile; fileRef = E1E41A740E4F03406E38C4A1; };
		808C0258C05A37C3F63CA318 /* include_juce_audio_processors_headless_ara.cpp */ = {isa = PBXBuildFile; fileRef = 723D7AB05A8E98540B30F4BE; };
		ACA096D3134794818875B4DC /* Metal.framework */ = {isa = PBXBuildFile; fileRef = 896708510E12820EC4A5E2A5; settings = { ATTRIBUTES = (Weak, ); }; };
		AE95CB38317ADC2834722CDE /* Security.framework */ = {isa = PBXBuildFile; fileRef = 61C85D09FE35F11CAFFDC455; };
		B30D2E041B5A7B1AA6C4327A /* include_juce_graphics_Harfbuzz.cpp */ = {isa = PBXBuildFile; fileRef = 6B3577F7316B098768CD91FD; };
		B7A1758A574282117F9AFE5A /* RecentFilesMenuTemplate.nib */ = {isa = PBXBuildFile; fileRef = 74A29CB90111352A60108E87; };
		BEC03BC1E5C0889A14B596A4 /* include_juce_core.mm */ = {isa = PBXBuildFile; fileRef = E406597B6F9A45DE30780D63; };
		C02912F68DA41D2BACE29FD0 /* include_juce_audio_devices.mm */ = {isa = PBXBuildFile; fileRef = 4C074521EE29787C33474A02; };
		C4C655917E9B90FF63D3E254 /* CoreMIDI.framework */ = {isa = PBXBuildFile; fileRef = 31C8694A83C2FAC3897E83B1; };
		D183B9005149B47B815C4A8F /* Transformer.cpp */ = {isa = PBXBuildFile; fileRef = 70E3AE66154B53669182C465; };
		DBB496E47E5D88E867EE0A59 /* include_juce_audio_plugin_client_VST3.mm */ = {isa = PBXBuildFile; fileRef = 7514CB5264A603E0B2D41F95; };
		DC27FC78885087423B4B7D6D /* include_juce_graphics.mm */ = {isa = PBXBuildFile; fileRef = 020F437A8FBA7D2436672BB6; };
		E07CDBD34827379412477194 /* IOKit.framework */ = {isa = PBXBuildFile; fileRef = CA79D8281C273D1BF5AA649D; };
		E3D672DBAC3426A88D98D19C /* include_juce_events.mm */ = {isa = PBXBuildFile; fileRef = E4EBB7EF7B8A1E279A492A37; };
		E8E713A72885631C636A49A8 /* include_juce_dsp.mm */ = {isa = PBXBuildFile; fileRef = 703B940D266E8C4A2DE7A69A; };
		FC527F3F5E49E84D4DF19A67 /* include_juce_audio_plugin_client_AU_1.mm */ = {isa = PBXBuildFile; fileRef = A4D8AEFBD453C1E9C014EEB5; };
		FE2D47DDB024F25B014AE7A4 /* VST3 Manifest Helper */ = {isa = PBXBuildFile; fileRef = 1D603885DD4B7400F790868A; };
		FE3EFB1909E5C7F18476E469 /* Accelerate.framework */ = {isa = PBXBuildFile; fileRef = 8FB6CBC4F0122DE8C65D7239; };
/* End PBXBuildFile section */

/* Begin PBXFileReference section */
		020F437A8FBA7D2436672BB6 /* include_juce_graphics.mm */ /* include_juce_graphics.mm */ = {isa = PBXFileReference; lastKnownFileType = sourcecode.cpp.objcpp; name = include_juce_graphics.mm; path = ../../JuceLibraryCode/include_juce_graphics.mm; sourceTree = SOURCE_ROOT; };
		02B5EA58D4304303F4102DE3 /* NeveEQ.h */ /* NeveEQ.h */ = {isa = PBXFileReference; lastKnownFileType = sourcecode.c.h; name = NeveEQ.h; path = ../../Source/DSP/NeveEQ.h; sourceTree = SOURCE_ROOT; };
		06C336479D6287E1761315BA /* juce_graphics */ /* juce_graphics */ = {isa = PBXFileReference; lastKnownFileType = folder; name = juce_graphics; path = /Users/ianfletcher/JUCE/modules/juce_graphics; sourceTree = "<absolute>"; };
		089369A7D647429C378FEC66 /* juce_dsp */ /* juce_dsp */ = {isa = PBXFileReference; lastKnownFileType = folder; name = juce_dsp; path = /Users/ianfletcher/JUCE/modules/juce_dsp; sourceTree = "<absolute>"; };
		0D47A752E2C4318C392B504A /* PluginEditor.cpp */ /* PluginEditor.cpp */ = {isa = PBXFileReference; lastKnownFileType = sourcecode.cpp.cpp; name = PluginEditor.cpp; path = ../../Source/PluginEditor.cpp; sourceTree = SOURCE_ROOT; };
		15351397FC78366DC56D6D2A /* DiscRecording.framework */ /* DiscRecording.framework */ = {isa = PBXFileReference; lastKnownFileType = wrapper.framework; name = DiscRecording.framework; path = System/Library/Frameworks/DiscRecording.framework; sourceTree = SDKROOT; };
		153F60FF78467F3588B201C2 /* Foundation.framework */ /* Foundation.framework */ = {isa = PBXFileReference; lastKnownFileType = wrapper.framework; name = Foundation.framework; path = System/Library/Frameworks/Foundation.framework; sourceTree = SDKROOT; };
		17BBD909DFFD48B637B79212 /* juce_audio_processors_headless */ /* juce_audio_processors_headless */ = {isa = PBXFileReference; lastKnownFileType = folder; name = juce_audio_processors_headless; path = ../../../JUCE/modules/juce_audio_processors_headless; sourceTree = SOURCE_ROOT; };
		1813230BC009738C03215894 /* include_juce_core_CompilationTime.cpp */ /* include_juce_core_CompilationTime.cpp */ = {isa = PBXFileReference; lastKnownFileType = sourcecode.cpp.cpp; name = include_juce_core_CompilationTime.cpp; path = ../../JuceLibraryCode/include_juce_core_CompilationTime.cpp; sourceTree = SOURCE_ROOT; };
		1947178C019834D58508BCD3 /* AU */ = {isa = PBXFileReference; explicitFileType = wrapper.cfbundle; includeInIndex = 0; path = NeveStrip.component; sourceTree = BUILT_PRODUCTS_DIR; };
		1D10965850AC3E4F2CA93F6A /* CoreAudioKit.framework */ /* CoreAudioKit.framework */ = {isa = PBXFileReference; lastKnownFileType = wrapper.framework; name = CoreAudioKit.framework; path = System/Library/Frameworks/CoreAudioKit.framework; sourceTree = SDKROOT; };
		1D603885DD4B7400F790868A /* VST3 Manifest Helper */ = {isa = PBXFileReference; explicitFileType = "compiled.mach-o.executable"; includeInIndex = 0; path = juce_vst3_helper; sourceTree = BUILT_PRODUCTS_DIR; };
		1EF6DC592503BC9B5BF75B73 /* MetalKit.framework */ /* MetalKit.framework */ = {isa = PBXFileReference; lastKnownFileType = wrapper.framework; name = MetalKit.framework; path = System/Library/Frameworks/MetalKit.framework; sourceTree = SDKROOT; };
		217EE8C99780795660EFB029 /* include_juce_audio_processors_headless.mm */ /* include_juce_audio_processors_headless.mm */ = {isa = PBXFileReference; lastKnownFileType = sourcecode.cpp.objcpp; name = include_juce_audio_processors_headless.mm; path = ../../JuceLibraryCode/include_juce_audio_processors_headless.mm; sourceTree = SOURCE_ROOT; };
		2495CC24BFB412E5FA7EF239 /* Info-VST3_Manifest_Helper.plist */ /* Info-VST3_Manifest_Helper.plist */ = {isa = PBXFileReference; lastKnownFileType = text.plist.xml; name = "Info-VST3_Manifest_Helper.plist"; path = "Info-VST3_Manifest_Helper.plist"; sourceTree = SOURCE_ROOT; };
		2A08C6C837EDF8D2BFA202CB /* Info-VST3.plist */ /* Info-VST3.plist */ = {isa = PBXFileReference; lastKnownFileType = text.plist.xml; name = "Info-VST3.plist"; path = "Info-VST3.plist"; sourceTree = SOURCE_ROOT; };
		2DEFCA56A083434BD5C41288 /* Transformer.h */ /* Transformer.h */ = {isa = PBXFileReference; lastKnownFileType = sourcecode.c.h; name = Transformer.h; path = ../../Source/DSP/Transformer.h; sourceTree = SOURCE_ROOT; };
		2F622F99A31D23F96FB78165 /* Info-AU.plist */ /* Info-AU.plist */ = {isa = PBXFileReference; lastKnownFileType = text.plist.xml; name = "Info-AU.plist"; path = "Info-AU.plist"; sourceTree = SOURCE_ROOT; };
		31C8694A83C2FAC3897E83B1 /* CoreMIDI.framework */ /* CoreMIDI.framework */ = {isa = PBXFileReference; lastKnownFileType = wrapper.framework; name = CoreMIDI.framework; path = System/Library/Frameworks/CoreMIDI.framework; sourceTree = SDKROOT; };
		3883A9AE00C7256AA4C510AC /* include_juce_audio_processors_headless_lv2_libs.cpp */ /* include_juce_audio_processors_headless_lv2_libs.cpp */ = {isa = PBXFileReference; lastKnownFileType = sourcecode.cpp.cpp; name = include_juce_audio_processors_headless_lv2_libs.cpp; path = ../../JuceLibraryCode/include_juce_audio_processors_headless_lv2_libs.cpp; sourceTree = SOURCE_ROOT; };
		39573A778251E0FCC07DDAEE /* PluginEditor.h */ /* PluginEditor.h */ = {isa = PBXFileReference; lastKnownFileType = sourcecode.c.h; name = PluginEditor.h; path = ../../Source/PluginEditor.h; sourceTree = SOURCE_ROOT; };
		3C04BC6B94C80A4DBB2F98E4 /* HighPassFilter.h */ /* HighPassFilter.h */ = {isa = PBXFileReference; lastKnownFileType = sourcecode.c.h; name = HighPassFilter.h; path = ../../Source/DSP/HighPassFilter.h; sourceTree = SOURCE_ROOT; };
		41B9F1B5A61DE9606B66E49A /* juce_audio_processors */ /* juce_audio_processors */ = {isa = PBXFileReference; lastKnownFileType = folder; name = juce_audio_processors; path = /Users/ianfletcher/JUCE/modules/juce_audio_processors; sourceTree = "<absolute>"; };
		46503FD47A4C69C903FB3291 /* Cocoa.framework */ /* Cocoa.framework */ = {isa = PBXFileReference; lastKnownFileType = wrapper.framework; name = Cocoa.framework; path = System/Library/Frameworks/Cocoa.framework; sourceTree = SDKROOT; };
		466465EEFC5E027A1B3E2B06 /* include_juce_audio_basics.mm */ /* include_juce_audio_basics.mm */ = {isa = PBXFileReference; lastKnownFileType = sourcecode.cpp.objcpp; name = include_juce_audio_basics.mm; path = ../../JuceLibraryCode/include_juce_audio_basics.mm; sourceTree = SOURCE_ROOT; };
		4C074521EE29787C33474A02 /* include_juce_audio_devices.mm */ /* include_juce_audio_devices.mm */ = {isa = PBXFileReference; lastKnownFileType = sourcecode.cpp.objcpp; name = include_juce_audio_devices.mm; path = ../../JuceLibraryCode/include_juce_audio_devices.mm; sourceTree = SOURCE_ROOT; };
		4D36EEE158753330E3A20C35 /* juce_audio_devices */ /* juce_audio_devices */ = {isa = PBXFileReference; lastKnownFileType = folder; name = juce_audio_devices; path = /Users/ianfletcher/JUCE/modules/juce_audio_devices; sourceTree = "<absolute>"; };
		4FC6C3607236F40DED173AF0 /* CoreAudio.framework */ /* CoreAudio.framework */ = {isa = PBXFileReference; lastKnownFileType = wrapper.framework; name = CoreAudio.framework; path = System/Library/Frameworks/CoreAudio.framework; sourceTree = SDKROOT; };
		61C85D09FE35F11CAFFDC455 /* Security.framework */ /* Security.framework */ = {isa = PBXFileReference; lastKnownFileType = wrapper.framework; name = Security.framework; path = System/Library/Frameworks/Security.framework; sourceTree = SDKROOT; };
		65B95D9B8557DCABB70D7D0C /* juce_audio_formats */ /* juce_audio_formats */ = {isa = PBXFileReference; lastKnownFileType = folder; name = juce_audio_formats; path = /Users/ianfletcher/JUCE/modules/juce_audio_formats; sourceTree = "<absolute>"; };
		65D78EE09AE87C3A9C7091D2 /* juce_VST3ManifestHelper.mm */ /* juce_VST3ManifestHelper.mm */ = {isa = PBXFileReference; lastKnownFileType = sourcecode.cpp.objcpp; name = juce_VST3ManifestHelper.mm; path = /Users/ianfletcher/JUCE/modules/juce_audio_plugin_client/VST3/juce_VST3ManifestHelper.mm; sourceTree = "<absolute>"; };
		6AE840BA08699B68E3E3F85E /* NeveLimiter.cpp */ /* NeveLimiter.cpp */ = {isa = PBXFileReference; lastKnownFileType = sourcecode.cpp.cpp; name = NeveLimiter.cpp; path = ../../Source/DSP/NeveLimiter.cpp; sourceTree = SOURCE_ROOT; };
		6B3577F7316B098768CD91FD /* include_juce_graphics_Harfbuzz.cpp */ /* include_juce_graphics_Harfbuzz.cpp */ = {isa = PBXFileReference; lastKnownFileType = sourcecode.cpp.cpp; name = include_juce_graphics_Harfbuzz.cpp; path = ../../JuceLibraryCode/include_juce_graphics_Harfbuzz.cpp; sourceTree = SOURCE_ROOT; };
		6D47BED3E59FFF941053DF4D /* WebKit.framework */ /* WebKit.framework */ = {isa = PBXFileReference; lastKnownFileType = wrapper.framework; name = WebKit.framework; path = System/Library/Frameworks/WebKit.framework; sourceTree = SDKROOT; };
		6FAC50BD9727119E873DD45C /* juce_audio_basics */ /* juce_audio_basics */ = {isa = PBXFileReference; lastKnownFileType = folder; name = juce_audio_basics; path = /Users/ianfletcher/JUCE/modules/juce_audio_basics; sourceTree = "<absolute>"; };
		703B940D266E8C4A2DE7A69A /* include_juce_dsp.mm */ /* include_juce_dsp.mm */ = {isa = PBXFileReference; lastKnownFileType = sourcecode.cpp.objcpp; name = include_juce_dsp.mm; path = ../../JuceLibraryCode/include_juce_dsp.mm; sourceTree = SOURCE_ROOT; };
		70E3AE66154B53669182C465 /* Transformer.cpp */ /* Transformer.cpp */ = {isa = PBXFileReference; lastKnownFileType = sourcecode.cpp.cpp; name = Transformer.cpp; path = ../../Source/DSP/Transformer.cpp; sourceTree = SOURCE_ROOT; };
		723D7AB05A8E98540B30F4BE /* include_juce_audio_processors_headless_ara.cpp */ /* include_juce_audio_processors_headless_ara.cpp */ = {isa = PBXFileReference; lastKnownFileType = sourcecode.cpp.cpp; name = include_juce_audio_processors_headless_ara.cpp; path = ../../JuceLibraryCode/include_juce_audio_processors_headless_ara.cpp; sourceTree = SOURCE_ROOT; };
		74A29CB90111352A60108E87 /* RecentFilesMenuTemplate.nib */ /* RecentFilesMenuTemplate.nib */ = {isa = PBXFileReference; lastKnownFileType = file.nib; name = RecentFilesMenuTemplate.nib; path = RecentFilesMenuTemplate.nib; sourceTree = SOURCE_ROOT; };
		7514CB5264A603E0B2D41F95 /* include_juce_audio_plugin_client_VST3.mm */ /* include_juce_audio_plugin_client_VST3.mm */ = {isa = PBXFileReference; lastKnownFileType = sourcecode.cpp.objcpp; name = include_juce_audio_plugin_client_VST3.mm; path = ../../JuceLibraryCode/include_juce_audio_plugin_client_VST3.mm; sourceTree = SOURCE_ROOT; };
		7682ABBC2E9DB36C93C9FEE1 /* juce_gui_basics */ /* juce_gui_basics */ = {isa = PBXFileReference; lastKnownFileType = folder; name = juce_gui_basics; path = /Users/ianfletcher/JUCE/modules/juce_gui_basics; sourceTree = "<absolute>"; };
		76D9F7D6BBC9F0AA55C76481 /* juce_gui_extra */ /* juce_gui_extra */ = {isa = PBXFileReference; lastKnownFileType = folder; name = juce_gui_extra; path = /Users/ianfletcher/JUCE/modules/juce_gui_extra; sourceTree = "<absolute>"; };
		76ED480F64CE183E91CFFFD6 /* JuceHeader.h */ /* JuceHeader.h */ = {isa = PBXFileReference; lastKnownFileType = sourcecode.c.h; name = JuceHeader.h; path = ../../JuceLibraryCode/JuceHeader.h; sourceTree = SOURCE_ROOT; };
		810A8C54FF21EC9B0AD801BB /* juce_audio_utils */ /* juce_audio_utils */ = {isa = PBXFileReference; lastKnownFileType = folder; name = juce_audio_utils; path = /Users/ianfletcher/JUCE/modules/juce_audio_utils; sourceTree = "<absolute>"; };
		896708510E12820EC4A5E2A5 /* Metal.framework */ /* Metal.framework */ = {isa = PBXFileReference; lastKnownFileType = wrapper.framework; name = Metal.framework; path = System/Library/Frameworks/Metal.framework; sourceTree = SDKROOT; };
		8CA2ABC31EC5E7B6E973E33D /* NeveLimiter.h */ /* NeveLimiter.h */ = {isa = PBXFileReference; lastKnownFileType = sourcecode.c.h; name = NeveLimiter.h; path = ../../Source/DSP/NeveLimiter.h; sourceTree = SOURCE_ROOT; };
		8DC02555708013815CF04B9C /* QuartzCore.framework */ /* QuartzCore.framework */ = {isa = PBXFileReference; lastKnownFileType = wrapper.framework; name = QuartzCore.framework; path = System/Library/Frameworks/QuartzCore.framework; sourceTree = SDKROOT; };
		8FB6CBC4F0122DE8C65D7239 /* Accelerate.framework */ /* Accelerate.framework */ = {isa = PBXFileReference; lastKnownFileType = wrapper.framework; name = Accelerate.framework; path = System/Library/Frameworks/Accelerate.framework; sourceTree = SDKROOT; };
		902BECE4BF3E0DEDB607A1ED /* NeveCompressor.h */ /* NeveCompressor.h */ = {isa = PBXFileReference; lastKnownFileType = sourcecode.c.h; name = NeveCompressor.h; path = ../../Source/DSP/NeveCompressor.h; sourceTree = SOURCE_ROOT; };
		910847B879F95D936DEA4B7A /* juce_audio_plugin_client */ /* juce_audio_plugin_client */ = {isa = PBXFileReference; lastKnownFileType = folder; name = juce_audio_plugin_client; path = /Users/ianfletcher/JUCE/modules/juce_audio_plugin_client; sourceTree = "<absolute>"; };
		9168235A23B5328E4C7C5675 /* JucePluginDefines.h */ /* JucePluginDefines.h */ = {isa = PBXFileReference; lastKnownFileType = sourcecode.c.h; name = JucePluginDefines.h; path = ../../JuceLibraryCode/JucePluginDefines.h; sourceTree = SOURCE_ROOT; };
		93F8F74819B256CAF976970D /* include_juce_gui_extra.mm */ /* include_juce_gui_extra.mm */ = {isa = PBXFileReference; lastKnownFileType = sourcecode.cpp.objcpp; name = include_juce_gui_extra.mm; path = ../../JuceLibraryCode/include_juce_gui_extra.mm; sourceTree = SOURCE_ROOT; };
		95856FD663BD9731234BC2EF /* PluginProcessor.cpp */ /* PluginProcessor.cpp */ = {isa = PBXFileReference; lastKnownFileType = sourcecode.cpp.cpp; name = PluginProcessor.cpp; path = ../../Source/PluginProcessor.cpp; sourceTree = SOURCE_ROOT; };
		98ACF3AF601B162E338EB440 /* include_juce_audio_processors.mm */ /* include_juce_audio_processors.mm */ = {isa = PBXFileReference; lastKnownFileType = sourcecode.cpp.objcpp; name = include_juce_audio_processors.mm; path = ../../JuceLibraryCode/include_juce_audio_processors.mm; sourceTree = SOURCE_ROOT; };
		9C2360ED08BE3A36D1C65DA7 /* juce_core */ /* juce_core */ = {isa = PBXFileReference; lastKnownFileType = folder; name = juce_core; path = /Users/ianfletcher/JUCE/modules/juce_core; sourceTree = "<absolute>"; };
		9F2BC242867135F02894182B /* include_juce_data_structures.mm */ /* include_juce_data_structures.mm */ = {isa = PBXFileReference; lastKnownFileType = sourcecode.cpp.objcpp; name = include_juce_data_structures.mm; path = ../../JuceLibraryCode/include_juce_data_structures.mm; sourceTree = SOURCE_ROOT; };
		A07ADBD69691EC2FB2734337 /* include_juce_audio_formats.mm */ /* include_juce_audio_formats.mm */ = {isa = PBXFileReference; lastKnownFileType = sourcecode.cpp.objcpp; name = include_juce_audio_formats.mm; path = ../../JuceLibraryCode/include_juce_audio_formats.mm; sourceTree = SOURCE_ROOT; };
		A12865C3817EBBA9450C5039 /* HighPassFilter.cpp */ /* HighPassFilter.cpp */ = {isa = PBXFileReference; lastKnownFileType = sourcecode.cpp.cpp; name = HighPassFilter.cpp; path = ../../Source/DSP/HighPassFilter.cpp; sourceTree = SOURCE_ROOT; };
		A4C7C4D15C054B6006541B3B /* AudioUnit.framework */ /* AudioUnit.framework */ = {isa = PBXFileReference; lastKnownFileType = wrapper.framework; name = AudioUnit.framework; path = System/Library/Frameworks/AudioUnit.framework; sourceTree = SDKROOT; };
		A4D8AEFBD453C1E9C014EEB5 /* include_juce_audio_plugin_client_AU_1.mm */ /* include_juce_audio_plugin_client_AU_1.mm */ = {isa = PBXFileReference; lastKnownFileType = sourcecode.cpp.objcpp; name = include_juce_audio_plugin_client_AU_1.mm; path = ../../JuceLibraryCode/include_juce_audio_plugin_client_AU_1.mm; sourceTree = SOURCE_ROOT; };
		A838BFF25C3E58D335DB62DC /* include_juce_gui_basics.mm */ /* include_juce_gui_basics.mm */ = {isa = PBXFileReference; lastKnownFileType = sourcecode.cpp.objcpp; name = include_juce_gui_basics.mm; path = ../../JuceLibraryCode/include_juce_gui_basics.mm; sourceTree = SOURCE_ROOT; };
		B2FD00407EED8DBD824DFDC2 /* NeveCompressor.cpp */ /* NeveCompressor.cpp */ = {isa = PBXFileReference; lastKnownFileType = sourcecode.cpp.cpp; name = NeveCompressor.cpp; path = ../../Source/DSP/NeveCompressor.cpp; sourceTree = SOURCE_ROOT; };
		CA79D8281C273D1BF5AA649D /* IOKit.framework */ /* IOKit.framework */ = {isa = PBXFileReference; lastKnownFileType = wrapper.framework; name = IOKit.framework; path = System/Library/Frameworks/IOKit.framework; sourceTree = SDKROOT; };
		CFAC65471240C2DF1A10039F /* juce_events */ /* juce_events */ = {isa = PBXFileReference; lastKnownFileType = folder; name = juce_events; path = /Users/ianfletcher/JUCE/modules/juce_events; sourceTree = "<absolute>"; };
		DD033D962AAF96BE67FC47E9 /* DSPUtils.h */ /* DSPUtils.h */ = {isa = PBXFileReference; lastKnownFileType = sourcecode.c.h; name = DSPUtils.h; path = ../../Source/DSP/DSPUtils.h; sourceTree = SOURCE_ROOT; };
		E1E41A740E4F03406E38C4A1 /* include_juce_audio_plugin_client_AU_2.mm */ /* include_juce_audio_plugin_client_AU_2.mm */ = {isa = PBXFileReference; lastKnownFileType = sourcecode.cpp.objcpp; name = include_juce_audio_plugin_client_AU_2.mm; path = ../../JuceLibraryCode/include_juce_audio_plugin_client_AU_2.mm; sourceTree = SOURCE_ROOT; };
		E25F07E3BECDDD623908AA97 /* juce_data_structures */ /* juce_data_structures */ = {isa = PBXFileReference; lastKnownFileType = folder; name = juce_data_structures; path = /Users/ianfletcher/JUCE/modules/juce_data_structures; sourceTree = "<absolute>"; };
		E406597B6F9A45DE30780D63 /* include_juce_core.mm */ /* include_juce_core.mm */ = {isa = PBXFileReference; lastKnownFileType = sourcecode.cpp.objcpp; name = include_juce_core.mm; path = ../../JuceLibraryCode/include_juce_core.mm; sourceTree = SOURCE_ROOT; };
		E4E73A0E58B3BF2081B915CE /* VST3 */ = {isa = PBXFileReference; explicitFileType = wrapper.cfbundle; includeInIndex = 0; path = NeveStrip.vst3; sourceTree = BUILT_PRODUCTS_DIR; };
		E4EBB7EF7B8A1E279A492A37 /* include_juce_events.mm */ /* include_juce_events.mm */ = {isa = PBXFileReference; lastKnownFileType = sourcecode.cpp.objcpp; name = include_juce_events.mm; path = ../../JuceLibraryCode/include_juce_events.mm; sourceTree = SOURCE_ROOT; };
		E687F757A2CBCD5AC3628515 /* AudioToolbox.framework */ /* AudioToolbox.framework */ = {isa = PBXFileReference; lastKnownFileType = wrapper.framework; name = AudioToolbox.framework; path = System/Library/Frameworks/AudioToolbox.framework; sourceTree = SDKROOT; };
		E6DD6B9689FA95764EFC3C1E /* PluginProcessor.h */ /* PluginProcessor.h */ = {isa = PBXFileReference; lastKnownFileType = sourcecode.c.h; name = PluginProcessor.h; path = ../../Source/PluginProcessor.h; sourceTree = SOURCE_ROOT; };
		ECABE0F9640617F7957905F3 /* include_juce_audio_utils.mm */ /* include_juce_audio_utils.mm */ = {isa = PBXFileReference; lastKnownFileType = sourcecode.cpp.objcpp; name = include_juce_audio_utils.mm; path = ../../JuceLibraryCode/include_juce_audio_utils.mm; sourceTree = SOURCE_ROOT; };
		ED50A552CA751A75999E24C4 /* include_juce_audio_plugin_client_ARA.cpp */ /* include_juce_audio_plugin_client_ARA.cpp */ = {isa = PBXFileReference; lastKnownFileType = sourcecode.cpp.cpp; name = include_juce_audio_plugin_client_ARA.cpp; path = ../../JuceLibraryCode/include_juce_audio_plugin_client_ARA.cpp; sourceTree = SOURCE_ROOT; };
		EF10E6C50547B97485889AC9 /* include_juce_graphics_Sheenbidi.c */ /* include_juce_graphics_Sheenbidi.c */ = {isa = PBXFileReference; lastKnownFileType = sourcecode.c.c; name = include_juce_graphics_Sheenbidi.c; path = ../../JuceLibraryCode/include_juce_graphics_Sheenbidi.c; sourceTree = SOURCE_ROOT; };
		FC92D5FE229FF0494A913BD7 /* NeveEQ.cpp */ /* NeveEQ.cpp */ = {isa = PBXFileReference; lastKnownFileType = sourcecode.cpp.cpp; name = NeveEQ.cpp; path = ../../Source/DSP/NeveEQ.cpp; sourceTree = SOURCE_ROOT; };
		FE7F76F63009F0E33E37D9EB /* Shared Code */ = {isa = PBXFileReference; explicitFileType = archive.ar; includeInIndex = 0; path = libNeveStrip.a; sourceTree = BUILT_PRODUCTS_DIR; };
/* End PBXFileReference section */

/* Begin PBXFrameworksBuildPhase section */
		50900648AFD130DA3CB292E8 = {
			isa = PBXFrameworksBuildPhase;
			buildActionMask = 2147483647;
			files = (
				FE3EFB1909E5C7F18476E469,
				05F0005E5BB18214B412150A,
				190F2F8FE86DBA8EEE6093EE,
				54084B594DB562ACDEC74E92,
				6B11AEC5F384C986175203B4,
				C4C655917E9B90FF63D3E254,
				4F0DAB199EF8D71DF906AD28,
				52F2754EE8651B2B10FC2F0F,
				E07CDBD34827379412477194,
				5D71497ED3C486DCDD0527E0,
				AE95CB38317ADC2834722CDE,
				0B618FA64C69BA68E7DB0E98,
				ACA096D3134794818875B4DC,
				511F26C166BD50891DB5F2C6,
			);
			runOnlyForDeploymentPostprocessing = 0;
		};
		6171AC514CCF6C02E60A30AF = {
			isa = PBXFrameworksBuildPhase;
			buildActionMask = 2147483647;
			files = (
				FE3EFB1909E5C7F18476E469,
				05F0005E5BB18214B412150A,
				190F2F8FE86DBA8EEE6093EE,
				54084B594DB562ACDEC74E92,
				6B11AEC5F384C986175203B4,
				C4C655917E9B90FF63D3E254,
				4F0DAB199EF8D71DF906AD28,
				52F2754EE8651B2B10FC2F0F,
				E07CDBD34827379412477194,
				5D71497ED3C486DCDD0527E0,
				AE95CB38317ADC2834722CDE,
				0B618FA64C69BA68E7DB0E98,
				ACA096D3134794818875B4DC,
				511F26C166BD50891DB5F2C6,
			);
			runOnlyForDeploymentPostprocessing = 0;
		};
		A006DE328D289BC985EEBC8A = {
			isa = PBXFrameworksBuildPhase;
			buildActionMask = 2147483647;
			files = (
				5B6FB7454EA3F7A334DD8111,
				FE3EFB1909E5C7F18476E469,
				05F0005E5BB18214B412150A,
				190F2F8FE86DBA8EEE6093EE,
				54084B594DB562ACDEC74E92,
				6B11AEC5F384C986175203B4,
				C4C655917E9B90FF63D3E254,
				4F0DAB199EF8D71DF906AD28,
				52F2754EE8651B2B10FC2F0F,
				E07CDBD34827379412477194,
				5D71497ED3C486DCDD0527E0,
				AE95CB38317ADC2834722CDE,
				0B618FA64C69BA68E7DB0E98,
				ACA096D3134794818875B4DC,
				511F26C166BD50891DB5F2C6,
			);
			runOnlyForDeploymentPostprocessing = 0;
		};
/* End PBXFrameworksBuildPhase section */

/* Begin PBXGroup section */
		2BB6872FD192A588D6D83628 /* Source */ = {
			isa = PBXGroup;
			children = (
				6EA48E9A56500C56EB6E1D22,
				F8681F70CC132F01951EE5B6,
				D2CF3FA7E7707E75E8576DB2,
				343B08AF48F4B40B923337EB,
				9B3B547BC46F33F230A40AA5,
				DEA98D28F3F09AB51DD94A94,
			);
			name = Source;
			sourceTree = "<group>";
		};
		343B08AF48F4B40B923337EB /* Resources */ = {
			isa = PBXGroup;
			children = (
				2A08C6C837EDF8D2BFA202CB,
				2F622F99A31D23F96FB78165,
				2495CC24BFB412E5FA7EF239,
				74A29CB90111352A60108E87,
			);
			name = Resources;
			sourceTree = "<group>";
		};
		650D5CF78BFE8C0EC694C672 /* DSP */ = {
			isa = PBXGroup;
			children = (
				DD033D962AAF96BE67FC47E9,
				2DEFCA56A083434BD5C41288,
				70E3AE66154B53669182C465,
				02B5EA58D4304303F4102DE3,
				FC92D5FE229FF0494A913BD7,
				902BECE4BF3E0DEDB607A1ED,
				B2FD00407EED8DBD824DFDC2,
				8CA2ABC31EC5E7B6E973E33D,
				6AE840BA08699B68E3E3F85E,
				3C04BC6B94C80A4DBB2F98E4,
				A12865C3817EBBA9450C5039,
			);
			name = DSP;
			sourceTree = "<group>";
		};
		6EA48E9A56500C56EB6E1D22 /* NeveStrip */ = {
			isa = PBXGroup;
			children = (
				CC027523A64EC6A5F476119D,
			);
			name = NeveStrip;
			sourceTree = "<group>";
		};
		9B3B547BC46F33F230A40AA5 /* Frameworks */ = {
			isa = PBXGroup;
			children = (
				A4C7C4D15C054B6006541B3B,
				8FB6CBC4F0122DE8C65D7239,
				E687F757A2CBCD5AC3628515,
				46503FD47A4C69C903FB3291,
				4FC6C3607236F40DED173AF0,
				1D10965850AC3E4F2CA93F6A,
				31C8694A83C2FAC3897E83B1,
				15351397FC78366DC56D6D2A,
				153F60FF78467F3588B201C2,
				CA79D8281C273D1BF5AA649D,
				8DC02555708013815CF04B9C,
				61C85D09FE35F11CAFFDC455,
				6D47BED3E59FFF941053DF4D,
				896708510E12820EC4A5E2A5,
				1EF6DC592503BC9B5BF75B73,
			);
			name = Frameworks;
			sourceTree = "<group>";
		};
		CC027523A64EC6A5F476119D /* Source */ = {
			isa = PBXGroup;
			children = (
				95856FD663BD9731234BC2EF,
				E6DD6B9689FA95764EFC3C1E,
				0D47A752E2C4318C392B504A,
				39573A778251E0FCC07DDAEE,
				650D5CF78BFE8C0EC694C672,
			);
			name = Source;
			sourceTree = "<group>";
		};
		D2CF3FA7E7707E75E8576DB2 /* JUCE Library Code */ = {
			isa = PBXGroup;
			children = (
				466465EEFC5E027A1B3E2B06,
				4C074521EE29787C33474A02,
				A07ADBD69691EC2FB2734337,
				ED50A552CA751A75999E24C4,
				A4D8AEFBD453C1E9C014EEB5,
				E1E41A740E4F03406E38C4A1,
				7514CB5264A603E0B2D41F95,
				98ACF3AF601B162E338EB440,
				217EE8C99780795660EFB029,
				723D7AB05A8E98540B30F4BE,
				3883A9AE00C7256AA4C510AC,
				ECABE0F9640617F7957905F3,
				E406597B6F9A45DE30780D63,
				1813230BC009738C03215894,
				9F2BC242867135F02894182B,
				703B940D266E8C4A2DE7A69A,
				E4EBB7EF7B8A1E279A492A37,
				020F437A8FBA7D2436672BB6,
				6B3577F7316B098768CD91FD,
				EF10E6C50547B97485889AC9,
				A838BFF25C3E58D335DB62DC,
				93F8F74819B256CAF976970D,
				76ED480F64CE183E91CFFFD6,
				9168235A23B5328E4C7C5675,
			);
			name = "JUCE Library Code";
			sourceTree = "<group>";
		};
		DEA98D28F3F09AB51DD94A94 /* Products */ = {
			isa = PBXGroup;
			children = (
				E4E73A0E58B3BF2081B915CE,
				1947178C019834D58508BCD3,
				FE7F76F63009F0E33E37D9EB,
				1D603885DD4B7400F790868A,
			);
			name = Products;
			sourceTree = "<group>";
		};
		F8681F70CC132F01951EE5B6 /* JUCE Modules */ = {
			isa = PBXGroup;
			children = (
				6FAC50BD9727119E873DD45C,
				4D36EEE158753330E3A20C35,
				65B95D9B8557DCABB70D7D0C,
				910847B879F95D936DEA4B7A,
				41B9F1B5A61DE9606B66E49A,
				17BBD909DFFD48B637B79212,
				810A8C54FF21EC9B0AD801BB,
				9C2360ED08BE3A36D1C65DA7,
				E25F07E3BECDDD623908AA97,
				089369A7D647429C378FEC66,
				CFAC65471240C2DF1A10039F,
				06C336479D6287E1761315BA,
				7682ABBC2E9DB36C93C9FEE1,
				76D9F7D6BBC9F0AA55C76481,
			);
			name = "JUCE Modules";
			sourceTree = "<group>";
		};
/* End PBXGroup section */

/* Begin PBXNativeTarget section */
		253CBAB05EB8624F377397EB /* NeveStrip - Shared Code */ = {
			isa = PBXNativeTarget;
			buildConfigurationList = CE1EC75D9D04F22FA7A78F36;
			buildPhases = (
				C5E94B3FF94DE816DD9F1B24,
			);
			buildRules = (
			);
			dependencies = (
			);
			name = "NeveStrip - Shared Code";
			productName = NeveStrip;
			productReference = FE7F76F63009F0E33E37D9EB;
			productType = "com.apple.product-type.library.static";
		};
		9D536A11DE6BC36DEB33CE2F /* NeveStrip - AU */ = {
			isa = PBXNativeTarget;
			buildConfigurationList = 006720DC6489D202FFEF8E05;
			buildPhases = (
				0DF3BD77F938C74CA493D137,
				DA402103826FA4B46A1ED6C5,
				A006DE328D289BC985EEBC8A,
				3F65B07F5ECBCBC35D50AFC4,
			);
			buildRules = (
			);
			dependencies = (
				432739BF0E68DC6D4757C178,
			);
			name = "NeveStrip - AU";
			productName = NeveStrip;
			productReference = 1947178C019834D58508BCD3;
			productType = "com.apple.product-type.bundle";
		};
		C03AE9D94687B4ACD1473A67 /* NeveStrip - VST3 Manifest Helper */ = {
			isa = PBXNativeTarget;
			buildConfigurationList = 039054EB402BA92A57D967E4;
			buildPhases = (
				DD336A3ED6F4936AB002496A,
				50900648AFD130DA3CB292E8,
			);
			buildRules = (
			);
			dependencies = (
			);
			name = "NeveStrip - VST3 Manifest Helper";
			productName = NeveStrip;
			productReference = 1D603885DD4B7400F790868A;
			productType = "com.apple.product-type.tool";
		};
		E8965673E3352121C9CADD00 /* NeveStrip - VST3 */ = {
			isa = PBXNativeTarget;
			buildConfigurationList = CEA62741113B26B842002133;
			buildPhases = (
				6A952814A2BF16A8589D5F1E,
				675E494D370BC571080F0A03,
				6171AC514CCF6C02E60A30AF,
				F713F6CE2F4D471D36305340,
				7D1CFB18D26DD82EDAFF3A78,
			);
			buildRules = (
			);
			dependencies = (
				CA74F04A5EAFCED5A88D6CD5,
				5A083D3A3313CFCE74E7D17D,
			);
			name = "NeveStrip - VST3";
			productName = NeveStrip;
			productReference = E4E73A0E58B3BF2081B915CE;
			productType = "com.apple.product-type.bundle";
		};
/* End PBXNativeTarget section */

/* Begin PBXProject section */
		999FB5EEBBF2D60B72867316 = {
			isa = PBXProject;
			attributes = {
				BuildIndependentTargetsInParallel = YES;
				LastUpgradeCheck = 1340;
				ORGANIZATIONNAME = "Compstortion";
				TargetAttributes = {
					253CBAB05EB8624F377397EB = {
						SystemCapabilities = {
							com.apple.ApplicationGroups.iOS = {
								enabled = 0;
							};
							com.apple.HardenedRuntime = {
								enabled = 0;
							};
							com.apple.InAppPurchase = {
								enabled = 0;
							};
							com.apple.InterAppAudio = {
								enabled = 0;
							};
							com.apple.Push = {
								enabled = 0;
							};
							com.apple.Sandbox = {
								enabled = 0;
							};
						};
					};
					2B309B13A965F08D89122992 = {
						SystemCapabilities = {
							com.apple.ApplicationGroups.iOS = {
								enabled = 0;
							};
							com.apple.HardenedRuntime = {
								enabled = 0;
							};
							com.apple.InAppPurchase = {
								enabled = 0;
							};
							com.apple.InterAppAudio = {
								enabled = 0;
							};
							com.apple.Push = {
								enabled = 0;
							};
							com.apple.Sandbox = {
								enabled = 0;
							};
						};
					};
					9D536A11DE6BC36DEB33CE2F = {
						SystemCapabilities = {
							com.apple.ApplicationGroups.iOS = {
								enabled = 0;
							};
							com.apple.HardenedRuntime = {
								enabled = 0;
							};
							com.apple.InAppPurchase = {
								enabled = 0;
							};
							com.apple.InterAppAudio = {
								enabled = 0;
							};
							com.apple.Push = {
								enabled = 0;
							};
							com.apple.Sandbox = {
								enabled = 0;
							};
						};
					};
					C03AE9D94687B4ACD1473A67 = {
						SystemCapabilities = {
							com.apple.ApplicationGroups.iOS = {
								enabled = 0;
							};
							com.apple.HardenedRuntime = {
								enabled = 0;
							};
							com.apple.InAppPurchase = {
								enabled = 0;
							};
							com.apple.InterAppAudio = {
								enabled = 0;
							};
							com.apple.Push = {
								enabled = 0;
							};
							com.apple.Sandbox = {
								enabled = 0;
							};
						};
					};
					E8965673E3352121C9CADD00 = {
						SystemCapabilities = {
							com.apple.ApplicationGroups.iOS = {
								enabled = 0;
							};
							com.apple.HardenedRuntime = {
								enabled = 0;
							};
							com.apple.InAppPurchase = {
								enabled = 0;
							};
							com.apple.InterAppAudio = {
								enabled = 0;
							};
							com.apple.Push = {
								enabled = 0;
							};
							com.apple.Sandbox = {
								enabled = 0;
							};
						};
					};
				};
			};
			buildConfigurationList = D7499626719A98585AEFFB01;
			compatibilityVersion = "Xcode 3.2";
			hasScannedForEncodings = 0;
			knownRegions = (
				en,
				Base,
			);
			mainGroup = 2BB6872FD192A588D6D83628;
			projectDirPath = "";
			projectRoot = "";
			targets = (
				2B309B13A965F08D89122992,
				E8965673E3352121C9CADD00,
				9D536A11DE6BC36DEB33CE2F,
				253CBAB05EB8624F377397EB,
				C03AE9D94687B4ACD1473A67,
			);
		};
/* End PBXProject section */

/* Begin PBXResourcesBuildPhase section */
		0DF3BD77F938C74CA493D137 = {
			isa = PBXResourcesBuildPhase;
			buildActionMask = 2147483647;
			files = (
				B7A1758A574282117F9AFE5A,
			);
			runOnlyForDeploymentPostprocessing = 0;
		};
		6A952814A2BF16A8589D5F1E = {
			isa = PBXResourcesBuildPhase;
			buildActionMask = 2147483647;
			files = (
				B7A1758A574282117F9AFE5A,
			);
			runOnlyForDeploymentPostprocessing = 0;
		};
/* End PBXResourcesBuildPhase section */

/* Begin PBXShellScriptBuildPhase section */
		3F65B07F5ECBCBC35D50AFC4 /* Plugin Copy Step */ = {
			isa = PBXShellScriptBuildPhase;
			buildActionMask = 2147483647;
			files = (
			);
			runOnlyForDeploymentPostprocessing = 0;
			name = "Plugin Copy Step";
			alwaysOutOfDate = 1;
			shellPath = /bin/sh;
			shellScript = "set -euo pipefail\n\nif [[ \"${CONFIGURATION}\" == \"Debug\" ]]; then\n  destinationPlugin=\"${HOME}/Library/Audio/Plug-Ins/Components//$(basename \"${TARGET_BUILD_DIR}/${WRAPPER_NAME}\")\"\n  echo Running rm -rf \\\"${destinationPlugin}\\\"\n  rm -rf \"${destinationPlugin}\"\n  echo Running ditto \\\"${TARGET_BUILD_DIR}/${WRAPPER_NAME}\\\" \\\"${destinationPlugin}\\\"\n  ditto \"${TARGET_BUILD_DIR}/${WRAPPER_NAME}\" \"${destinationPlugin}\"\n\n  if [[ -n \"${EXPANDED_CODE_SIGN_IDENTITY-}\" ]]; then\n    if [[ -n \"${CODE_SIGN_ENTITLEMENTS-}\" ]]; then\n      entitlementsArg=(--entitlements \"${CODE_SIGN_ENTITLEMENTS}\")\n    fi\n\n    echo Signing Identity: \\\"${EXPANDED_CODE_SIGN_IDENTITY_NAME}\\\"\n    echo Running codesign --verbose=4 --force --sign \\\"${EXPANDED_CODE_SIGN_IDENTITY}\\\" ${entitlementsArg[*]-} ${OTHER_CODE_SIGN_FLAGS-} \\\"${HOME}/Library/Audio/Plug-Ins/Components//${WRAPPER_NAME}\\\"\n    codesign --verbose=4 --force --sign \"${EXPANDED_CODE_SIGN_IDENTITY}\" ${entitlementsArg[*]-} ${OTHER_CODE_SIGN_FLAGS-} \"${HOME}/Library/Audio/Plug-Ins/Components//${WRAPPER_NAME}\"\n  fi\nfi\n\nif [[ \"${CONFIGURATION}\" == \"Release\" ]]; then\n  destinationPlugin=\"${HOME}/Library/Audio/Plug-Ins/Components//$(basename \"${TARGET_BUILD_DIR}/${WRAPPER_NAME}\")\"\n  echo Running rm -rf \\\"${destinationPlugin}\\\"\n  rm -rf \"${destinationPlugin}\"\n  echo Running ditto \\\"${TARGET_BUILD_DIR}/${WRAPPER_NAME}\\\" \\\"${destinationPlugin}\\\"\n  ditto \"${TARGET_BUILD_DIR}/${WRAPPER_NAME}\" \"${destinationPlugin}\"\n\n  if [[ -n \"${EXPANDED_CODE_SIGN_IDENTITY-}\" ]]; then\n    if [[ -n \"${CODE_SIGN_ENTITLEMENTS-}\" ]]; then\n      entitlementsArg=(--entitlements \"${CODE_SIGN_ENTITLEMENTS}\")\n    fi\n\n    echo Signing Identity: \\\"${EXPANDED_CODE_SIGN_IDENTITY_NAME}\\\"\n    echo Running codesign --verbose=4 --force --sign \\\"${EXPANDED_CODE_SIGN_IDENTITY}\\\" ${entitlementsArg[*]-} ${OTHER_CODE_SIGN_FLAGS-} \\\"${HOME}/Library/Audio/Plug-Ins/Components//${WRAPPER_NAME}\\\"\n    codesign --verbose=4 --force --sign \"${EXPANDED_CODE_SIGN_IDENTITY}\" ${entitlementsArg[*]-} ${OTHER_CODE_SIGN_FLAGS-} \"${HOME}/Library/Audio/Plug-Ins/Components//${WRAPPER_NAME}\"\n  fi\nfi\n";
		};
		7D1CFB18D26DD82EDAFF3A78 /* Plugin Copy Step */ = {
			isa = PBXShellScriptBuildPhase;
			buildActionMask = 2147483647;
			files = (
			);
			runOnlyForDeploymentPostprocessing = 0;
			name = "Plugin Copy Step";
			alwaysOutOfDate = 1;
			shellPath = /bin/sh;
			shellScript = "set -euo pipefail\n\nif [[ \"${CONFIGURATION}\" == \"Debug\" ]]; then\n  destinationPlugin=\"${HOME}/Library/Audio/Plug-Ins/VST3//$(basename \"${TARGET_BUILD_DIR}/${WRAPPER_NAME}\")\"\n  echo Running rm -rf \\\"${destinationPlugin}\\\"\n  rm -rf \"${destinationPlugin}\"\n  echo Running ditto \\\"${TARGET_BUILD_DIR}/${WRAPPER_NAME}\\\" \\\"${destinationPlugin}\\\"\n  ditto \"${TARGET_BUILD_DIR}/${WRAPPER_NAME}\" \"${destinationPlugin}\"\n\n  if [[ -n \"${EXPANDED_CODE_SIGN_IDENTITY-}\" ]]; then\n    if [[ -n \"${CODE_SIGN_ENTITLEMENTS-}\" ]]; then\n      entitlementsArg=(--entitlements \"${CODE_SIGN_ENTITLEMENTS}\")\n    fi\n\n    echo Signing Identity: \\\"${EXPANDED_CODE_SIGN_IDENTITY_NAME}\\\"\n    echo Running codesign --verbose=4 --force --sign \\\"${EXPANDED_CODE_SIGN_IDENTITY}\\\" ${entitlementsArg[*]-} ${OTHER_CODE_SIGN_FLAGS-} \\\"${HOME}/Library/Audio/Plug-Ins/VST3//${WRAPPER_NAME}\\\"\n    codesign --verbose=4 --force --sign \"${EXPANDED_CODE_SIGN_IDENTITY}\" ${entitlementsArg[*]-} ${OTHER_CODE_SIGN_FLAGS-} \"${HOME}/Library/Audio/Plug-Ins/VST3//${WRAPPER_NAME}\"\n  fi\nfi\n\nif [[ \"${CONFIGURATION}\" == \"Release\" ]]; then\n  destinationPlugin=\"${HOME}/Library/Audio/Plug-Ins/VST3//$(basename \"${TARGET_BUILD_DIR}/${WRAPPER_NAME}\")\"\n  echo Running rm -rf \\\"${destinationPlugin}\\\"\n  rm -rf \"${destinationPlugin}\"\n  echo Running ditto \\\"${TARGET_BUILD_DIR}/${WRAPPER_NAME}\\\" \\\"${destinationPlugin}\\\"\n  ditto \"${TARGET_BUILD_DIR}/${WRAPPER_NAME}\" \"${destinationPlugin}\"\n\n  if [[ -n \"${EXPANDED_CODE_SIGN_IDENTITY-}\" ]]; then\n    if [[ -n \"${CODE_SIGN_ENTITLEMENTS-}\" ]]; then\n      entitlementsArg=(--entitlements \"${CODE_SIGN_ENTITLEMENTS}\")\n    fi\n\n    echo Signing Identity: \\\"${EXPANDED_CODE_SIGN_IDENTITY_NAME}\\\"\n    echo Running codesign --verbose=4 --force --sign \\\"${EXPANDED_CODE_SIGN_IDENTITY}\\\" ${entitlementsArg[*]-} ${OTHER_CODE_SIGN_FLAGS-} \\\"${HOME}/Library/Audio/Plug-Ins/VST3//${WRAPPER_NAME}\\\"\n    codesign --verbose=4 --force --sign \"${EXPANDED_CODE_SIGN_IDENTITY}\" ${entitlementsArg[*]-} ${OTHER_CODE_SIGN_FLAGS-} \"${HOME}/Library/Audio/Plug-Ins/VST3//${WRAPPER_NAME}\"\n  fi\nfi\n";
		};
		F713F6CE2F4D471D36305340 /* Update manifest */ = {
			isa = PBXShellScriptBuildPhase;
			buildActionMask = 2147483647;
			files = (
			);
			runOnlyForDeploymentPostprocessing = 0;
			name = "Update manifest";
			alwaysOutOfDate = 1;
			shellPath = /bin/sh;
			shellScript = "set -euo pipefail\n\necho Running \\\"${CONFIGURATION_BUILD_DIR}/juce_vst3_helper\\\" \\> \\\"${CONFIGURATION_BUILD_DIR}/${WRAPPER_NAME}/Contents/Resources/moduleinfo.json\\\"\n\"${CONFIGURATION_BUILD_DIR}/juce_vst3_helper\" > \"${CONFIGURATION_BUILD_DIR}/${WRAPPER_NAME}/Contents/Resources/moduleinfo.json\"\n";
		};
/* End PBXShellScriptBuildPhase section */

/* Begin PBXSourcesBuildPhase section */
		675E494D370BC571080F0A03 = {
			isa = PBXSourcesBuildPhase;
			buildActionMask = 2147483647;
			files = (
				DBB496E47E5D88E867EE0A59,
			);
			runOnlyForDeploymentPostprocessing = 0;
		};
		C5E94B3FF94DE816DD9F1B24 = {
			isa = PBXSourcesBuildPhase;
			buildActionMask = 2147483647;
			files = (
				51286C4D176E49F4F75478C8,
				593A90C50CDCE1AA27975ADB,
				D183B9005149B47B815C4A8F,
				0F235462A77880747E703519,
				2DEB8D43D716DB880AF47A79,
				19A911EDD98FE3F793B8764C,
				0AAD858812C8B5487B78F1F6,
				1237AF99B45F28900A61ADC4,
				C02912F68DA41D2BACE29FD0,
				09C8230BE7FA91F85A270B62,
				41EA389F68FECA803ADBE68E,
				2C86571BF8598A7070618EF2,
				3F168943D1DBE1EFAA28BBBF,
				808C0258C05A37C3F63CA318,
				4EFE50B1361E32EAB3286F98,
				3CE67C0E46AAEA1690765B71,
				BEC03BC1E5C0889A14B596A4,
				2FD6C41FE1D3CD106824AF15,
				1F489D1D25B99A376CE6957E,
				E8E713A72885631C636A49A8,
				E3D672DBAC3426A88D98D19C,
				DC27FC78885087423B4B7D6D,
				B30D2E041B5A7B1AA6C4327A,
				372CE770066ED72C3ED6F1D8,
				3B0BB7181A59D8F06BFB5AD5,
				15F4B14333CF5D599661BCE7,
			);
			runOnlyForDeploymentPostprocessing = 0;
		};
		DA402103826FA4B46A1ED6C5 = {
			isa = PBXSourcesBuildPhase;
			buildActionMask = 2147483647;
			files = (
				FC527F3F5E49E84D4DF19A67,
				76580A61728EF2A2AAAC7E54,
			);
			runOnlyForDeploymentPostprocessing = 0;
		};
		DD336A3ED6F4936AB002496A = {
			isa = PBXSourcesBuildPhase;
			buildActionMask = 2147483647;
			files = (
				35ED3479AEC780E4A952DA37,
			);
			runOnlyForDeploymentPostprocessing = 0;
		};
/* End PBXSourcesBuildPhase section */

/* Begin PBXTargetDependency section */
		432739BF0E68DC6D4757C178 = {
			isa = PBXTargetDependency;
			target = 253CBAB05EB8624F377397EB;
		};
		46BA38F84C6DB32341F07392 = {
			isa = PBXTargetDependency;
			target = 9D536A11DE6BC36DEB33CE2F;
		};
		5A083D3A3313CFCE74E7D17D = {
			isa = PBXTargetDependency;
			target = C03AE9D94687B4ACD1473A67;
		};
		A0EC16444E457A8C5B359281 = {
			isa = PBXTargetDependency;
			target = C03AE9D94687B4ACD1473A67;
		};
		A25F8089F4F06B4771928EEC = {
			isa = PBXTargetDependency;
			target = E8965673E3352121C9CADD00;
		};
		CA74F04A5EAFCED5A88D6CD5 = {
			isa = PBXTargetDependency;
			target = 253CBAB05EB8624F377397EB;
		};
		EA30BA9FC3C1C32B48E11F38 = {
			isa = PBXTargetDependency;
			target = 253CBAB05EB8624F377397EB;
		};
/* End PBXTargetDependency section */

/* Begin XCBuildConfiguration section */
		4E64F1243F94D0A7D0851CFE /* Release */ = {
			isa = XCBuildConfiguration;
			buildSettings = {
				MACOSX_DEPLOYMENT_TARGET = 10.13;
				SDKROOT = macosx;
			};
			name = Release;
		};
		56E3F9F238918CBA3AF99020 /* Debug */ = {
			isa = XCBuildConfiguration;
			buildSettings = {
				CLANG_CXX_LANGUAGE_STANDARD = "c++17";
				CLANG_CXX_LIBRARY = "libc++";
				CLANG_LINK_OBJC_RUNTIME = NO;
				COMBINE_HIDPI_IMAGES = YES;
				CONFIGURATION_BUILD_DIR = "$(PROJECT_DIR)/build/$(CONFIGURATION)";
				COPY_PHASE_STRIP = NO;
				EXCLUDED_ARCHS = "";
				GCC_DYNAMIC_NO_PIC = NO;
				GCC_OPTIMIZATION_LEVEL = 0;
				GCC_PREPROCESSOR_DEFINITIONS = (
					"_DEBUG=1",
					"DEBUG=1",
					"JUCE_PROJUCER_VERSION=0x8000c",
					"JUCE_MODULE_AVAILABLE_juce_audio_basics=1",
					"JUCE_MODULE_AVAILABLE_juce_audio_devices=1",
					"JUCE_MODULE_AVAILABLE_juce_audio_formats=1",
					"JUCE_MODULE_AVAILABLE_juce_audio_plugin_client=1",
					"JUCE_MODULE_AVAILABLE_juce_audio_processors=1",
					"JUCE_MODULE_AVAILABLE_juce_audio_processors_headless=1",
					"JUCE_MODULE_AVAILABLE_juce_audio_utils=1",
					"JUCE_MODULE_AVAILABLE_juce_core=1",
					"JUCE_MODULE_AVAILABLE_juce_data_structures=1",
					"JUCE_MODULE_AVAILABLE_juce_dsp=1",
					"JUCE_MODULE_AVAILABLE_juce_events=1",
					"JUCE_MODULE_AVAILABLE_juce_graphics=1",
					"JUCE_MODULE_AVAILABLE_juce_gui_basics=1",
					"JUCE_MODULE_AVAILABLE_juce_gui_extra=1",
					"JUCE_GLOBAL_MODULE_SETTINGS_INCLUDED=1",
					"JUCE_VST3_CAN_REPLACE_VST2=0",
					"JUCE_STRICT_REFCOUNTEDPOINTER=1",
					"JucePlugin_Build_VST=0",
					"JucePlugin_Build_VST3=0",
					"JucePlugin_Build_AU=0",
					"JucePlugin_Build_AUv3=0",
					"JucePlugin_Build_AAX=0",
					"JucePlugin_Build_Standalone=0",
					"JucePlugin_Build_Unity=0",
					"JucePlugin_Build_LV2=0",
					"JucePlugin_Enable_IAA=0",
					"JucePlugin_Enable_ARA=0",
					"JucePlugin_Name=\\\"NeveStrip\\\"",
					"JucePlugin_Desc=\\\"Neve-style\\ channel\\ strip\\ plugin\\\"",
					"JucePlugin_Manufacturer=\\\"Compstortion\\\"",
					"JucePlugin_ManufacturerWebsite=\\\"https://github.com/ianfletcher314/nevestrip\\\"",
					"JucePlugin_ManufacturerEmail=\\\"\\\"",
					"JucePlugin_ManufacturerCode=0x436d7073",
					"JucePlugin_PluginCode=0x4e657665",
					"JucePlugin_IsSynth=0",
					"JucePlugin_WantsMidiInput=0",
					"JucePlugin_ProducesMidiOutput=0",
					"JucePlugin_IsMidiEffect=0",
					"JucePlugin_EditorRequiresKeyboardFocus=0",
					"JucePlugin_Version=1.0.0",
					"JucePlugin_VersionCode=0x10000",
					"JucePlugin_VersionString=\\\"1.0.0\\\"",
					"JucePlugin_VSTUniqueID=JucePlugin_PluginCode",
					"JucePlugin_VSTCategory=kPlugCategEffect",
					"JucePlugin_Vst3Category=\\\"Fx\\\"",
					"JucePlugin_AUMainType=\\'aufx\\'",
					"JucePlugin_AUSubType=JucePlugin_PluginCode",
					"JucePlugin_AUExportPrefix=NeveStripAU",
					"JucePlugin_AUExportPrefixQuoted=\\\"NeveStripAU\\\"",
					"JucePlugin_AUManufacturerCode=JucePlugin_ManufacturerCode",
					"JucePlugin_CFBundleIdentifier=com.Compstortion.NeveStrip",
					"JucePlugin_AAXIdentifier=com.Compstortion.NeveStrip",
					"JucePlugin_AAXManufacturerCode=JucePlugin_ManufacturerCode",
					"JucePlugin_AAXProductId=JucePlugin_PluginCode",
					"JucePlugin_AAXCategory=0",
					"JucePlugin_AAXDisableBypass=0",
					"JucePlugin_AAXDisableMultiMono=0",
					"JucePlugin_IAAType=0x61757278",
					"JucePlugin_IAASubType=JucePlugin_PluginCode",
					"JucePlugin_IAAName=\\\"Compstortion:\\ NeveStrip\\\"",
					"JucePlugin_VSTNumMidiInputs=16",
					"JucePlugin_VSTNumMidiOutputs=16",
					"JucePlugin_ARAContentTypes=0",
					"JucePlugin_ARATransformationFlags=0",
					"JucePlugin_ARAFactoryID=\\\"com.Compstortion.NeveStrip.factory\\\"",
					"JucePlugin_ARADocumentArchiveID=\\\"com.Compstortion.NeveStrip.aradocumentarchive.1.0.0\\\"",
					"JucePlugin_ARACompatibleArchiveIDs=\\\"\\\"",
					"JUCE_STANDALONE_APPLICATION=JucePlugin_Build_Standalone",
					"JUCER_XCODE_MAC_F6D2F4CF=1",
					"JUCE_APP_VERSION=1.0.0",
					"JUCE_APP_VERSION_HEX=0x10000",
				);
				GCC_VERSION = com.apple.compilers.llvm.clang.1_0;
				HEADER_SEARCH_PATHS = (
					"$(SRCROOT)/../../../JUCE/modules/juce_audio_processors_headless/format_types/VST3_SDK",
					"$(SRCROOT)/../../JuceLibraryCode",
					"/Users/ianfletcher/JUCE/modules",
					"$(SRCROOT)/../../../JUCE/modules",
					"/Users/ianfletcher/JUCE/modules/juce_audio_plugin_client/AU",
					"$(inherited)",
				);
				INFOPLIST_FILE = Info-VST3_Manifest_Helper.plist;
				INFOPLIST_PREPROCESS = NO;
				MACOSX_DEPLOYMENT_TARGET = 10.13;
				MTL_HEADER_SEARCH_PATHS = "$(SRCROOT)/../../../JUCE/modules/juce_audio_processors_headless/format_types/VST3_SDK $(SRCROOT)/../../JuceLibraryCode /Users/ianfletcher/JUCE/modules $(SRCROOT)/../../../JUCE/modules /Users/ianfletcher/JUCE/modules/juce_audio_plugin_client/AU";
				OTHER_CFLAGS = "-Wall -Wextra";
				OTHER_CPLUSPLUSFLAGS = "-Wall -Wextra";
				PRODUCT_BUNDLE_IDENTIFIER = com.Compstortion.NeveStrip;
				PRODUCT_NAME = "juce_vst3_helper";
				USE_HEADERMAP = NO;
				VALID_ARCHS = "i386 x86_64 arm64 arm64e";
			};
			name = Debug;
		};
		7AC93B943062160C4F394D25 /* Release */ = {
			isa = XCBuildConfiguration;
			buildSettings = {
				CLANG_CXX_LANGUAGE_STANDARD = "c++17";
				CLANG_CXX_LIBRARY = "libc++";
				CLANG_LINK_OBJC_RUNTIME = NO;
				COMBINE_HIDPI_IMAGES = YES;
				CONFIGURATION_BUILD_DIR = "$(PROJECT_DIR)/build/$(CONFIGURATION)";
				DEAD_CODE_STRIPPING = YES;
				EXCLUDED_ARCHS = "";
				GCC_GENERATE_DEBUGGING_SYMBOLS = NO;
				GCC_OPTIMIZATION_LEVEL = 3;
				GCC_PREPROCESSOR_DEFINITIONS = (
					"_NDEBUG=1",
					"NDEBUG=1",
					"JUCE_PROJUCER_VERSION=0x8000c",
					"JUCE_MODULE_AVAILABLE_juce_audio_basics=1",
					"JUCE_MODULE_AVAILABLE_juce_audio_devices=1",
					"JUCE_MODULE_AVAILABLE_juce_audio_formats=1",
					"JUCE_MODULE_AVAILABLE_juce_audio_plugin_client=1",
					"JUCE_MODULE_AVAILABLE_juce_audio_processors=1",
					"JUCE_MODULE_AVAILABLE_juce_audio_processors_headless=1",
					"JUCE_MODULE_AVAILABLE_juce_audio_utils=1",
					"JUCE_MODULE_AVAILABLE_juce_core=1",
					"JUCE_MODULE_AVAILABLE_juce_data_structures=1",
					"JUCE_MODULE_AVAILABLE_juce_dsp=1",
					"JUCE_MODULE_AVAILABLE_juce_events=1",
					"JUCE_MODULE_AVAILABLE_juce_graphics=1",
					"JUCE_MODULE_AVAILABLE_juce_gui_basics=1",
					"JUCE_MODULE_AVAILABLE_juce_gui_extra=1",
					"JUCE_GLOBAL_MODULE_SETTINGS_INCLUDED=1",
					"JUCE_VST3_CAN_REPLACE_VST2=0",
					"JUCE_STRICT_REFCOUNTEDPOINTER=1",
					"JucePlugin_Build_VST=0",
					"JucePlugin_Build_VST3=1",
					"JucePlugin_Build_AU=0",
					"JucePlugin_Build_AUv3=0",
					"JucePlugin_Build_AAX=0",
					"JucePlugin_Build_Standalone=0",
					"JucePlugin_Build_Unity=0",
					"JucePlugin_Build_LV2=0",
					"JucePlugin_Enable_IAA=0",
					"JucePlugin_Enable_ARA=0",
					"JucePlugin_Name=\\\"NeveStrip\\\"",
					"JucePlugin_Desc=\\\"Neve-style\\ channel\\ strip\\ plugin\\\"",
					"JucePlugin_Manufacturer=\\\"Compstortion\\\"",
					"JucePlugin_ManufacturerWebsite=\\\"https://github.com/ianfletcher314/nevestrip\\\"",
					"JucePlugin_ManufacturerEmail=\\\"\\\"",
					"JucePlugin_ManufacturerCode=0x436d7073",
					"JucePlugin_PluginCode=0x4e657665",
					"JucePlugin_IsSynth=0",
					"JucePlugin_WantsMidiInput=0",
					"JucePlugin_ProducesMidiOutput=0",
					"JucePlugin_IsMidiEffect=0",
					"JucePlugin_EditorRequiresKeyboardFocus=0",
					"JucePlugin_Version=1.0.0",
					"JucePlugin_VersionCode=0x10000",
					"JucePlugin_VersionString=\\\"1.0.0\\\"",
					"JucePlugin_VSTUniqueID=JucePlugin_PluginCode",
					"JucePlugin_VSTCategory=kPlugCategEffect",
					"JucePlugin_Vst3Category=\\\"Fx\\\"",
					"JucePlugin_AUMainType=\\'aufx\\'",
					"JucePlugin_AUSubType=JucePlugin_PluginCode",
					"JucePlugin_AUExportPrefix=NeveStripAU",
					"JucePlugin_AUExportPrefixQuoted=\\\"NeveStripAU\\\"",
					"JucePlugin_AUManufacturerCode=JucePlugin_ManufacturerCode",
					"JucePlugin_CFBundleIdentifier=com.Compstortion.NeveStrip",
					"JucePlugin_AAXIdentifier=com.Compstortion.NeveStrip",
					"JucePlugin_AAXManufacturerCode=JucePlugin_ManufacturerCode",
					"JucePlugin_AAXProductId=JucePlugin_PluginCode",
					"JucePlugin_AAXCategory=0",
					"JucePlugin_AAXDisableBypass=0",
					"JucePlugin_AAXDisableMultiMono=0",
					"JucePlugin_IAAType=0x61757278",
					"JucePlugin_IAASubType=JucePlugin_PluginCode",
					"JucePlugin_IAAName=\\\"Compstortion:\\ NeveStrip\\\"",
					"JucePlugin_VSTNumMidiInputs=16",
					"JucePlugin_VSTNumMidiOutputs=16",
					"JucePlugin_ARAContentTypes=0",
					"JucePlugin_ARATransformationFlags=0",
					"JucePlugin_ARAFactoryID=\\\"com.Compstortion.NeveStrip.factory\\\"",
					"JucePlugin_ARADocumentArchiveID=\\\"com.Compstortion.NeveStrip.aradocumentarchive.1.0.0\\\"",
					"JucePlugin_ARACompatibleArchiveIDs=\\\"\\\"",
					"JUCE_STANDALONE_APPLICATION=JucePlugin_Build_Standalone",
					"JUCER_XCODE_MAC_F6D2F4CF=1",
					"JUCE_APP_VERSION=1.0.0",
					"JUCE_APP_VERSION_HEX=0x10000",
				);
				GCC_VERSION = com.apple.compilers.llvm.clang.1_0;
				GENERATE_PKGINFO_FILE = YES;
				HEADER_SEARCH_PATHS = (
					"$(SRCROOT)/../../../JUCE/modules/juce_audio_processors_headless/format_types/VST3_SDK",
					"$(SRCROOT)/../../JuceLibraryCode",
					"/Users/ianfletcher/JUCE/modules",
					"$(SRCROOT)/../../../JUCE/modules",
					"/Users/ianfletcher/JUCE/modules/juce_audio_plugin_client/AU",
					"$(inherited)",
				);
				INFOPLIST_FILE = Info-VST3.plist;
				INFOPLIST_PREPROCESS = NO;
				INSTALL_PATH = "$(HOME)/Library/Audio/Plug-Ins/VST3/";
				LIBRARY_STYLE = Bundle;
				LLVM_LTO = YES;
				MACOSX_DEPLOYMENT_TARGET = 10.13;
				MTL_HEADER_SEARCH_PATHS = "$(SRCROOT)/../../../JUCE/modules/juce_audio_processors_headless/format_types/VST3_SDK $(SRCROOT)/../../JuceLibraryCode /Users/ianfletcher/JUCE/modules $(SRCROOT)/../../../JUCE/modules /Users/ianfletcher/JUCE/modules/juce_audio_plugin_client/AU";
				OTHER_CFLAGS = "-Wall -Wextra";
				OTHER_CPLUSPLUSFLAGS = "-Wall -Wextra";
				OTHER_LDFLAGS = "-bundle -lNeveStrip";
				PRODUCT_BUNDLE_IDENTIFIER = com.Compstortion.NeveStrip;
				PRODUCT_NAME = "NeveStrip";
				USE_HEADERMAP = NO;
				VALID_ARCHS = "i386 x86_64 arm64 arm64e";
				WRAPPER_EXTENSION = vst3;
			};
			name = Release;
		};
		7C59F3FD0A291D60BF8930D6 /* Debug */ = {
			isa = XCBuildConfiguration;
			buildSettings = {
				CLANG_CXX_LANGUAGE_STANDARD = "c++17";
				CLANG_CXX_LIBRARY = "libc++";
				CLANG_LINK_OBJC_RUNTIME = NO;
				COMBINE_HIDPI_IMAGES = YES;
				CONFIGURATION_BUILD_DIR = "$(PROJECT_DIR)/build/$(CONFIGURATION)";
				COPY_PHASE_STRIP = NO;
				EXCLUDED_ARCHS = "";
				GCC_DYNAMIC_NO_PIC = NO;
				GCC_OPTIMIZATION_LEVEL = 0;
				GCC_PREPROCESSOR_DEFINITIONS = (
					"_DEBUG=1",
					"DEBUG=1",
					"JUCE_PROJUCER_VERSION=0x8000c",
					"JUCE_MODULE_AVAILABLE_juce_audio_basics=1",
					"JUCE_MODULE_AVAILABLE_juce_audio_devices=1",
					"JUCE_MODULE_AVAILABLE_juce_audio_formats=1",
					"JUCE_MODULE_AVAILABLE_juce_audio_plugin_client=1",
					"JUCE_MODULE_AVAILABLE_juce_audio_processors=1",
					"JUCE_MODULE_AVAILABLE_juce_audio_processors_headless=1",
					"JUCE_MODULE_AVAILABLE_juce_audio_utils=1",
					"JUCE_MODULE_AVAILABLE_juce_core=1",
					"JUCE_MODULE_AVAILABLE_juce_data_structures=1",
					"JUCE_MODULE_AVAILABLE_juce_dsp=1",
					"JUCE_MODULE_AVAILABLE_juce_events=1",
					"JUCE_MODULE_AVAILABLE_juce_graphics=1",
					"JUCE_MODULE_AVAILABLE_juce_gui_basics=1",
					"JUCE_MODULE_AVAILABLE_juce_gui_extra=1",
					"JUCE_GLOBAL_MODULE_SETTINGS_INCLUDED=1",
					"JUCE_VST3_CAN_REPLACE_VST2=0",
					"JUCE_STRICT_REFCOUNTEDPOINTER=1",
					"JucePlugin_Build_VST=0",
					"JucePlugin_Build_VST3=0",
					"JucePlugin_Build_AU=1",
					"JucePlugin_Build_AUv3=0",
					"JucePlugin_Build_AAX=0",
					"JucePlugin_Build_Standalone=0",
					"JucePlugin_Build_Unity=0",
					"JucePlugin_Build_LV2=0",
					"JucePlugin_Enable_IAA=0",
					"JucePlugin_Enable_ARA=0",
					"JucePlugin_Name=\\\"NeveStrip\\\"",
					"JucePlugin_Desc=\\\"Neve-style\\ channel\\ strip\\ plugin\\\"",
					"JucePlugin_Manufacturer=\\\"Compstortion\\\"",
					"JucePlugin_ManufacturerWebsite=\\\"https://github.com/ianfletcher314/nevestrip\\\"",
					"JucePlugin_ManufacturerEmail=\\\"\\\"",
					"JucePlugin_ManufacturerCode=0x436d7073",
					"JucePlugin_PluginCode=0x4e657665",
					"JucePlugin_IsSynth=0",
					"JucePlugin_WantsMidiInput=0",
					"JucePlugin_ProducesMidiOutput=0",
					"JucePlugin_IsMidiEffect=0",
					"JucePlugin_EditorRequiresKeyboardFocus=0",
					"JucePlugin_Version=1.0.0",
					"JucePlugin_VersionCode=0x10000",
					"JucePlugin_VersionString=\\\"1.0.0\\\"",
					"JucePlugin_VSTUniqueID=JucePlugin_PluginCode",
					"JucePlugin_VSTCategory=kPlugCategEffect",
					"JucePlugin_Vst3Category=\\\"Fx\\\"",
					"JucePlugin_AUMainType=\\'aufx\\'",
					"JucePlugin_AUSubType=JucePlugin_PluginCode",
					"JucePlugin_AUExportPrefix=NeveStripAU",
					"JucePlugin_AUExportPrefixQuoted=\\\"NeveStripAU\\\"",
					"JucePlugin_AUManufacturerCode=JucePlugin_ManufacturerCode",
					"JucePlugin_CFBundleIdentifier=com.Compstortion.NeveStrip",
					"JucePlugin_AAXIdentifier=com.Compstortion.NeveStrip",
					"JucePlugin_AAXManufacturerCode=JucePlugin_ManufacturerCode",
					"JucePlugin_AAXProductId=JucePlugin_PluginCode",
					"JucePlugin_AAXCategory=0",
					"JucePlugin_AAXDisableBypass=0",
					"JucePlugin_AAXDisableMultiMono=0",
					"JucePlugin_IAAType=0x61757278",
					"JucePlugin_IAASubType=JucePlugin_PluginCode",
					"JucePlugin_IAAName=\\\"Compstortion:\\ NeveStrip\\\"",
					"JucePlugin_VSTNumMidiInputs=16",
					"JucePlugin_VSTNumMidiOutputs=16",
					"JucePlugin_ARAContentTypes=0",
					"JucePlugin_ARATransformationFlags=0",
					"JucePlugin_ARAFactoryID=\\\"com.Compstortion.NeveStrip.factory\\\"",
					"JucePlugin_ARADocumentArchiveID=\\\"com.Compstortion.NeveStrip.aradocumentarchive.1.0.0\\\"",
					"JucePlugin_ARACompatibleArchiveIDs=\\\"\\\"",
					"JUCE_STANDALONE_APPLICATION=JucePlugin_Build_Standalone",
					"JUCER_XCODE_MAC_F6D2F4CF=1",
					"JUCE_APP_VERSION=1.0.0",
					"JUCE_APP_VERSION_HEX=0x10000",
				);
				GCC_VERSION = com.apple.compilers.llvm.clang.1_0;
				GENERATE_PKGINFO_FILE = YES;
				HEADER_SEARCH_PATHS = (
					"$(SRCROOT)/../../../JUCE/modules/juce_audio_processors_headless/format_types/VST3_SDK",
					"$(SRCROOT)/../../JuceLibraryCode",
					"/Users/ianfletcher/JUCE/modules",
					"$(SRCROOT)/../../../JUCE/modules",
					"/Users/ianfletcher/JUCE/modules/juce_audio_plugin_client/AU",
					"$(inherited)",
				);
				INFOPLIST_FILE = Info-AU.plist;
				INFOPLIST_PREPROCESS = NO;
				INSTALL_PATH = "$(HOME)/Library/Audio/Plug-Ins/Components/";
				LIBRARY_STYLE = Bundle;
				MACOSX_DEPLOYMENT_TARGET = 10.13;
				MTL_HEADER_SEARCH_PATHS = "$(SRCROOT)/../../../JUCE/modules/juce_audio_processors_headless/format_types/VST3_SDK $(SRCROOT)/../../JuceLibraryCode /Users/ianfletcher/JUCE/modules $(SRCROOT)/../../../JUCE/modules /Users/ianfletcher/JUCE/modules/juce_audio_plugin_client/AU";
				OTHER_CFLAGS = "-Wall -Wextra";
				OTHER_CPLUSPLUSFLAGS = "-Wall -Wextra";
				OTHER_LDFLAGS = "-bundle -lNeveStrip";
				OTHER_REZFLAGS = "-d ppc_$ppc -d i386_$i386 -d ppc64_$ppc64 -d x86_64_$x86_64 -d arm64_$arm64 -I /System/Library/Frameworks/CoreServices.framework/Frameworks/CarbonCore.framework/Versions/A/Headers -I \"$(DEVELOPER_DIR)/Extras/CoreAudio/AudioUnits/AUPublic/AUBase\" -I \"$(DEVELOPER_DIR)/Platforms/MacOSX.platform/Developer/SDKs/MacOSX.sdk/System/Library/Frameworks/AudioUnit.framework/Headers\"";
				PRODUCT_BUNDLE_IDENTIFIER = com.Compstortion.NeveStrip;
				PRODUCT_NAME = "NeveStrip";
				USE_HEADERMAP = NO;
				VALID_ARCHS = "i386 x86_64 arm64 arm64e";
				WRAPPER_EXTENSION = component;
			};
			name = Debug;
		};
		9BA3DEF88AEF56F530AF449F /* Release */ = {
			isa = XCBuildConfiguration;
			buildSettings = {
				CLANG_CXX_LANGUAGE_STANDARD = "c++17";
				CLANG_CXX_LIBRARY = "libc++";
				CLANG_LINK_OBJC_RUNTIME = NO;
				COMBINE_HIDPI_IMAGES = YES;
				CONFIGURATION_BUILD_DIR = "$(PROJECT_DIR)/build/$(CONFIGURATION)";
				DEAD_CODE_STRIPPING = YES;
				EXCLUDED_ARCHS = "";
				GCC_GENERATE_DEBUGGING_SYMBOLS = NO;
				GCC_OPTIMIZATION_LEVEL = 3;
				GCC_PREPROCESSOR_DEFINITIONS = (
					"_NDEBUG=1",
					"NDEBUG=1",
					"JUCE_PROJUCER_VERSION=0x8000c",
					"JUCE_MODULE_AVAILABLE_juce_audio_basics=1",
					"JUCE_MODULE_AVAILABLE_juce_audio_devices=1",
					"JUCE_MODULE_AVAILABLE_juce_audio_formats=1",
					"JUCE_MODULE_AVAILABLE_juce_audio_plugin_client=1",
					"JUCE_MODULE_AVAILABLE_juce_audio_processors=1",
					"JUCE_MODULE_AVAILABLE_juce_audio_processors_headless=1",
					"JUCE_MODULE_AVAILABLE_juce_audio_utils=1",
					"JUCE_MODULE_AVAILABLE_juce_core=1",
					"JUCE_MODULE_AVAILABLE_juce_data_structures=1",
					"JUCE_MODULE_AVAILABLE_juce_dsp=1",
					"JUCE_MODULE_AVAILABLE_juce_events=1",
					"JUCE_MODULE_AVAILABLE_juce_graphics=1",
					"JUCE_MODULE_AVAILABLE_juce_gui_basics=1",
					"JUCE_MODULE_AVAILABLE_juce_gui_extra=1",
					"JUCE_GLOBAL_MODULE_SETTINGS_INCLUDED=1",
					"JUCE_VST3_CAN_REPLACE_VST2=0",
					"JUCE_STRICT_REFCOUNTEDPOINTER=1",
					"JucePlugin_Build_VST=0",
					"JucePlugin_Build_VST3=0",
					"JucePlugin_Build_AU=0",
					"JucePlugin_Build_AUv3=0",
					"JucePlugin_Build_AAX=0",
					"JucePlugin_Build_Standalone=0",
					"JucePlugin_Build_Unity=0",
					"JucePlugin_Build_LV2=0",
					"JucePlugin_Enable_IAA=0",
					"JucePlugin_Enable_ARA=0",
					"JucePlugin_Name=\\\"NeveStrip\\\"",
					"JucePlugin_Desc=\\\"Neve-style\\ channel\\ strip\\ plugin\\\"",
					"JucePlugin_Manufacturer=\\\"Compstortion\\\"",
					"JucePlugin_ManufacturerWebsite=\\\"https://github.com/ianfletcher314/nevestrip\\\"",
					"JucePlugin_ManufacturerEmail=\\\"\\\"",
					"JucePlugin_ManufacturerCode=0x436d7073",
					"JucePlugin_PluginCode=0x4e657665",
					"JucePlugin_IsSynth=0",
					"JucePlugin_WantsMidiInput=0",
					"JucePlugin_ProducesMidiOutput=0",
					"JucePlugin_IsMidiEffect=0",
					"JucePlugin_EditorRequiresKeyboardFocus=0",
					"JucePlugin_Version=1.0.0",
					"JucePlugin_VersionCode=0x10000",
					"JucePlugin_VersionString=\\\"1.0.0\\\"",
					"JucePlugin_VSTUniqueID=JucePlugin_PluginCode",
					"JucePlugin_VSTCategory=kPlugCategEffect",
					"JucePlugin_Vst3Category=\\\"Fx\\\"",
					"JucePlugin_AUMainType=\\'aufx\\'",
					"JucePlugin_AUSubType=JucePlugin_PluginCode",
					"JucePlugin_AUExportPrefix=NeveStripAU",
					"JucePlugin_AUExportPrefixQuoted=\\\"NeveStripAU\\\"",
					"JucePlugin_AUManufacturerCode=JucePlugin_ManufacturerCode",
					"JucePlugin_CFBundleIdentifier=com.Compstortion.NeveStrip",
					"JucePlugin_AAXIdentifier=com.Compstortion.NeveStrip",
					"JucePlugin_AAXManufacturerCode=JucePlugin_ManufacturerCode",
					"JucePlugin_AAXProductId=JucePlugin_PluginCode",
					"JucePlugin_AAXCategory=0",
					"JucePlugin_AAXDisableBypass=0",
					"JucePlugin_AAXDisableMultiMono=0",
					"JucePlugin_IAAType=0x61757278",
					"JucePlugin_IAASubType=JucePlugin_PluginCode",
					"JucePlugin_IAAName=\\\"Compstortion:\\ NeveStrip\\\"",
					"JucePlugin_VSTNumMidiInputs=16",
					"JucePlugin_VSTNumMidiOutputs=16",
					"JucePlugin_ARAContentTypes=0",
					"JucePlugin_ARATransformationFlags=0",
					"JucePlugin_ARAFactoryID=\\\"com.Compstortion.NeveStrip.factory\\\"",
					"JucePlugin_ARADocumentArchiveID=\\\"com.Compstortion.NeveStrip.aradocumentarchive.1.0.0\\\"",
					"JucePlugin_ARACompatibleArchiveIDs=\\\"\\\"",
					"JUCE_STANDALONE_APPLICATION=JucePlugin_Build_Standalone",
					"JUCER_XCODE_MAC_F6D2F4CF=1",
					"JUCE_APP_VERSION=1.0.0",
					"JUCE_APP_VERSION_HEX=0x10000",
				);
				GCC_VERSION = com.apple.compilers.llvm.clang.1_0;
				HEADER_SEARCH_PATHS = (
					"$(SRCROOT)/../../../JUCE/modules/juce_audio_processors_headless/format_types/VST3_SDK",
					"$(SRCROOT)/../../JuceLibraryCode",
					"/Users/ianfletcher/JUCE/modules",
					"$(SRCROOT)/../../../JUCE/modules",
					"/Users/ianfletcher/JUCE/modules/juce_audio_plugin_client/AU",
					"$(inherited)",
				);
				INFOPLIST_FILE = Info-VST3_Manifest_Helper.plist;
				INFOPLIST_PREPROCESS = NO;
				LLVM_LTO = YES;
				MACOSX_DEPLOYMENT_TARGET = 10.13;
				MTL_HEADER_SEARCH_PATHS = "$(SRCROOT)/../../../JUCE/modules/juce_audio_processors_headless/format_types/VST3_SDK $(SRCROOT)/../../JuceLibraryCode /Users/ianfletcher/JUCE/modules $(SRCROOT)/../../../JUCE/modules /Users/ianfletcher/JUCE/modules/juce_audio_plugin_client/AU";
				OTHER_CFLAGS = "-Wall -Wextra";
				OTHER_CPLUSPLUSFLAGS = "-Wall -Wextra";
				PRODUCT_BUNDLE_IDENTIFIER = com.Compstortion.NeveStrip;
				PRODUCT_NAME = "juce_vst3_helper";
				USE_HEADERMAP = NO;
				VALID_ARCHS = "i386 x86_64 arm64 arm64e";
			};
			name = Release;
		};
		A22D39CB40A745345A25FD71 /* Debug */ = {
			isa = XCBuildConfiguration;
			buildSettings = {
				MACOSX_DEPLOYMENT_TARGET = 10.13;
				SDKROOT = macosx;
			};
			name = Debug;
		};
		A45E9A7A3D1C95A9AB56DE33 /* Debug */ = {
			isa = XCBuildConfiguration;
			buildSettings = {
				CLANG_CXX_LANGUAGE_STANDARD = "c++17";
				CLANG_CXX_LIBRARY = "libc++";
				CLANG_LINK_OBJC_RUNTIME = NO;
				COMBINE_HIDPI_IMAGES = YES;
				CONFIGURATION_BUILD_DIR = "$(PROJECT_DIR)/build/$(CONFIGURATION)";
				COPY_PHASE_STRIP = NO;
				EXCLUDED_ARCHS = "";
				GCC_DYNAMIC_NO_PIC = NO;
				GCC_OPTIMIZATION_LEVEL = 0;
				GCC_PREPROCESSOR_DEFINITIONS = (
					"_DEBUG=1",
					"DEBUG=1",
					"JUCE_PROJUCER_VERSION=0x8000c",
					"JUCE_MODULE_AVAILABLE_juce_audio_basics=1",
					"JUCE_MODULE_AVAILABLE_juce_audio_devices=1",
					"JUCE_MODULE_AVAILABLE_juce_audio_formats=1",
					"JUCE_MODULE_AVAILABLE_juce_audio_plugin_client=1",
					"JUCE_MODULE_AVAILABLE_juce_audio_processors=1",
					"JUCE_MODULE_AVAILABLE_juce_audio_processors_headless=1",
					"JUCE_MODULE_AVAILABLE_juce_audio_utils=1",
					"JUCE_MODULE_AVAILABLE_juce_core=1",
					"JUCE_MODULE_AVAILABLE_juce_data_structures=1",
					"JUCE_MODULE_AVAILABLE_juce_dsp=1",
					"JUCE_MODULE_AVAILABLE_juce_events=1",
					"JUCE_MODULE_AVAILABLE_juce_graphics=1",
					"JUCE_MODULE_AVAILABLE_juce_gui_basics=1",
					"JUCE_MODULE_AVAILABLE_juce_gui_extra=1",
					"JUCE_GLOBAL_MODULE_SETTINGS_INCLUDED=1",
					"JUCE_VST3_CAN_REPLACE_VST2=0",
					"JUCE_STRICT_REFCOUNTEDPOINTER=1",
					"JucePlugin_Build_VST=0",
					"JucePlugin_Build_VST3=1",
					"JucePlugin_Build_AU=0",
					"JucePlugin_Build_AUv3=0",
					"JucePlugin_Build_AAX=0",
					"JucePlugin_Build_Standalone=0",
					"JucePlugin_Build_Unity=0",
					"JucePlugin_Build_LV2=0",
					"JucePlugin_Enable_IAA=0",
					"JucePlugin_Enable_ARA=0",
					"JucePlugin_Name=\\\"NeveStrip\\\"",
					"JucePlugin_Desc=\\\"Neve-style\\ channel\\ strip\\ plugin\\\"",
					"JucePlugin_Manufacturer=\\\"Compstortion\\\"",
					"JucePlugin_ManufacturerWebsite=\\\"https://github.com/ianfletcher314/nevestrip\\\"",
					"JucePlugin_ManufacturerEmail=\\\"\\\"",
					"JucePlugin_ManufacturerCode=0x436d7073",
					"JucePlugin_PluginCode=0x4e657665",
					"JucePlugin_IsSynth=0",
					"JucePlugin_WantsMidiInput=0",
					"JucePlugin_ProducesMidiOutput=0",
					"JucePlugin_IsMidiEffect=0",
					"JucePlugin_EditorRequiresKeyboardFocus=0",
					"JucePlugin_Version=1.0.0",
					"JucePlugin_VersionCode=0x10000",
					"JucePlugin_VersionString=\\\"1.0.0\\\"",
					"JucePlugin_VSTUniqueID=JucePlugin_PluginCode",
					"JucePlugin_VSTCategory=kPlugCategEffect",
					"JucePlugin_Vst3Category=\\\"Fx\\\"",
					"JucePlugin_AUMainType=\\'aufx\\'",
					"JucePlugin_AUSubType=JucePlugin_PluginCode",
					"JucePlugin_AUExportPrefix=NeveStripAU",
					"JucePlugin_AUExportPrefixQuoted=\\\"NeveStripAU\\\"",
					"JucePlugin_AUManufacturerCode=JucePlugin_ManufacturerCode",
					"JucePlugin_CFBundleIdentifier=com.Compstortion.NeveStrip",
					"JucePlugin_AAXIdentifier=com.Compstortion.NeveStrip",
					"JucePlugin_AAXManufacturerCode=JucePlugin_ManufacturerCode",
					"JucePlugin_AAXProductId=JucePlugin_PluginCode",
					"JucePlugin_AAXCategory=0",
					"JucePlugin_AAXDisableBypass=0",
					"JucePlugin_AAXDisableMultiMono=0",
					"JucePlugin_IAAType=0x61757278",
					"JucePlugin_IAASubType=JucePlugin_PluginCode",
					"JucePlugin_IAAName=\\\"Compstortion:\\ NeveStrip\\\"",
					"JucePlugin_VSTNumMidiInputs=16",
					"JucePlugin_VSTNumMidiOutputs=16",
					"JucePlugin_ARAContentTypes=0",
					"JucePlugin_ARATransformationFlags=0",
					"JucePlugin_ARAFactoryID=\\\"com.Compstortion.NeveStrip.factory\\\"",
					"JucePlugin_ARADocumentArchiveID=\\\"com.Compstortion.NeveStrip.aradocumentarchive.1.0.0\\\"",
					"JucePlugin_ARACompatibleArchiveIDs=\\\"\\\"",
					"JUCE_STANDALONE_APPLICATION=JucePlugin_Build_Standalone",
					"JUCER_XCODE_MAC_F6D2F4CF=1",
					"JUCE_APP_VERSION=1.0.0",
					"JUCE_APP_VERSION_HEX=0x10000",
				);
				GCC_VERSION = com.apple.compilers.llvm.clang.1_0;
				GENERATE_PKGINFO_FILE = YES;
				HEADER_SEARCH_PATHS = (
					"$(SRCROOT)/../../../JUCE/modules/juce_audio_processors_headless/format_types/VST3_SDK",
					"$(SRCROOT)/../../JuceLibraryCode",
					"/Users/ianfletcher/JUCE/modules",
					"$(SRCROOT)/../../../JUCE/modules",
					"/Users/ianfletcher/JUCE/modules/juce_audio_plugin_client/AU",
					"$(inherited)",
				);
				INFOPLIST_FILE = Info-VST3.plist;
				INFOPLIST_PREPROCESS = NO;
				INSTALL_PATH = "$(HOME)/Library/Audio/Plug-Ins/VST3/";
				LIBRARY_STYLE = Bundle;
				MACOSX_DEPLOYMENT_TARGET = 10.13;
				MTL_HEADER_SEARCH_PATHS = "$(SRCROOT)/../../../JUCE/modules/juce_audio_processors_headless/format_types/VST3_SDK $(SRCROOT)/../../JuceLibraryCode /Users/ianfletcher/JUCE/modules $(SRCROOT)/../../../JUCE/modules /Users/ianfletcher/JUCE/modules/juce_audio_plugin_client/AU";
				OTHER_CFLAGS = "-Wall -Wextra";
				OTHER_CPLUSPLUSFLAGS = "-Wall -Wextra";
				OTHER_LDFLAGS = "-bundle -lNeveStrip";
				PRODUCT_BUNDLE_IDENTIFIER = com.Compstortion.NeveStrip;
				PRODUCT_NAME = "NeveStrip";
				USE_HEADERMAP = NO;
				VALID_ARCHS = "i386 x86_64 arm64 arm64e";
				WRAPPER_EXTENSION = vst3;
			};
			name = Debug;
		};
		A5E99FAEC9ED44A5A94CF1A9 /* Release */ = {
			isa = XCBuildConfiguration;
			buildSettings = {
				CLANG_CXX_LANGUAGE_STANDARD = "c++17";
				CLANG_CXX_LIBRARY = "libc++";
				CLANG_LINK_OBJC_RUNTIME = NO;
				COMBINE_HIDPI_IMAGES = YES;
				CONFIGURATION_BUILD_DIR = "$(PROJECT_DIR)/build/$(CONFIGURATION)";
				DEAD_CODE_STRIPPING = YES;
				EXCLUDED_ARCHS = "";
				GCC_GENERATE_DEBUGGING_SYMBOLS = NO;
				GCC_OPTIMIZATION_LEVEL = 3;
				GCC_PREPROCESSOR_DEFINITIONS = (
					"_NDEBUG=1",
					"NDEBUG=1",
					"JUCE_PROJUCER_VERSION=0x8000c",
					"JUCE_MODULE_AVAILABLE_juce_audio_basics=1",
					"JUCE_MODULE_AVAILABLE_juce_audio_devices=1",
					"JUCE_MODULE_AVAILABLE_juce_audio_formats=1",
					"JUCE_MODULE_AVAILABLE_juce_audio_plugin_client=1",
					"JUCE_MODULE_AVAILABLE_juce_audio_processors=1",
					"JUCE_MODULE_AVAILABLE_juce_audio_processors_headless=1",
					"JUCE_MODULE_AVAILABLE_juce_audio_utils=1",
					"JUCE_MODULE_AVAILABLE_juce_core=1",
					"JUCE_MODULE_AVAILABLE_juce_data_structures=1",
					"JUCE_MODULE_AVAILABLE_juce_dsp=1",
					"JUCE_MODULE_AVAILABLE_juce_events=1",
					"JUCE_MODULE_AVAILABLE_juce_graphics=1",
					"JUCE_MODULE_AVAILABLE_juce_gui_basics=1",
					"JUCE_MODULE_AVAILABLE_juce_gui_extra=1",
					"JUCE_GLOBAL_MODULE_SETTINGS_INCLUDED=1",
					"JUCE_VST3_CAN_REPLACE_VST2=0",
					"JUCE_STRICT_REFCOUNTEDPOINTER=1",
					"JucePlugin_Build_VST=0",
					"JucePlugin_Build_VST3=0",
					"JucePlugin_Build_AU=1",
					"JucePlugin_Build_AUv3=0",
					"JucePlugin_Build_AAX=0",
					"JucePlugin_Build_Standalone=0",
					"JucePlugin_Build_Unity=0",
					"JucePlugin_Build_LV2=0",
					"JucePlugin_Enable_IAA=0",
					"JucePlugin_Enable_ARA=0",
					"JucePlugin_Name=\\\"NeveStrip\\\"",
					"JucePlugin_Desc=\\\"Neve-style\\ channel\\ strip\\ plugin\\\"",
					"JucePlugin_Manufacturer=\\\"Compstortion\\\"",
					"JucePlugin_ManufacturerWebsite=\\\"https://github.com/ianfletcher314/nevestrip\\\"",
					"JucePlugin_ManufacturerEmail=\\\"\\\"",
					"JucePlugin_ManufacturerCode=0x436d7073",
					"JucePlugin_PluginCode=0x4e657665",
					"JucePlugin_IsSynth=0",
					"JucePlugin_WantsMidiInput=0",
					"JucePlugin_ProducesMidiOutput=0",
					"JucePlugin_IsMidiEffect=0",
					"JucePlugin_EditorRequiresKeyboardFocus=0",
					"JucePlugin_Version=1.0.0",
					"JucePlugin_VersionCode=0x10000",
					"JucePlugin_VersionString=\\\"1.0.0\\\"",
					"JucePlugin_VSTUniqueID=JucePlugin_PluginCode",
					"JucePlugin_VSTCategory=kPlugCategEffect",
					"JucePlugin_Vst3Category=\\\"Fx\\\"",
					"JucePlugin_AUMainType=\\'aufx\\'",
					"JucePlugin_AUSubType=JucePlugin_PluginCode",
					"JucePlugin_AUExportPrefix=NeveStripAU",
					"JucePlugin_AUExportPrefixQuoted=\\\"NeveStripAU\\\"",
					"JucePlugin_AUManufacturerCode=JucePlugin_ManufacturerCode",
					"JucePlugin_CFBundleIdentifier=com.Compstortion.NeveStrip",
					"JucePlugin_AAXIdentifier=com.Compstortion.NeveStrip",
					"JucePlugin_AAXManufacturerCode=JucePlugin_ManufacturerCode",
					"JucePlugin_AAXProductId=JucePlugin_PluginCode",
					"JucePlugin_AAXCategory=0",
					"JucePlugin_AAXDisableBypass=0",
					"JucePlugin_AAXDisableMultiMono=0",
					"JucePlugin_IAAType=0x61757278",
					"JucePlugin_IAASubType=JucePlugin_PluginCode",
					"JucePlugin_IAAName=\\\"Compstortion:\\ NeveStrip\\\"",
					"JucePlugin_VSTNumMidiInputs=16",
					"JucePlugin_VSTNumMidiOutputs=16",
					"JucePlugin_ARAContentTypes=0",
					"JucePlugin_ARATransformationFlags=0",
					"JucePlugin_ARAFactoryID=\\\"com.Compstortion.NeveStrip.factory\\\"",
					"JucePlugin_ARADocumentArchiveID=\\\"com.Compstortion.NeveStrip.aradocumentarchive.1.0.0\\\"",
					"JucePlugin_ARACompatibleArchiveIDs=\\\"\\\"",
					"JUCE_STANDALONE_APPLICATION=JucePlugin_Build_Standalone",
					"JUCER_XCODE_MAC_F6D2F4CF=1",
					"JUCE_APP_VERSION=1.0.0",
					"JUCE_APP_VERSION_HEX=0x10000",
				);
				GCC_VERSION = com.apple.compilers.llvm.clang.1_0;
				GENERATE_PKGINFO_FILE = YES;
				HEADER_SEARCH_PATHS = (
					"$(SRCROOT)/../../../JUCE/modules/juce_audio_processors_headless/format_types/VST3_SDK",
					"$(SRCROOT)/../../JuceLibraryCode",
					"/Users/ianfletcher/JUCE/modules",
					"$(SRCROOT)/../../../JUCE/modules",
					"/Users/ianfletcher/JUCE/modules/juce_audio_plugin_client/AU",
					"$(inherited)",
				);
				INFOPLIST_FILE = Info-AU.plist;
				INFOPLIST_PREPROCESS = NO;
				INSTALL_PATH = "$(HOME)/Library/Audio/Plug-Ins/Components/";
				LIBRARY_STYLE = Bundle;
				LLVM_LTO = YES;
				MACOSX_DEPLOYMENT_TARGET = 10.13;
				MTL_HEADER_SEARCH_PATHS = "$(SRCROOT)/../../../JUCE/modules/juce_audio_processors_headless/format_types/VST3_SDK $(SRCROOT)/../../JuceLibraryCode /Users/ianfletcher/JUCE/modules $(SRCROOT)/../../../JUCE/modules /Users/ianfletcher/JUCE/modules/juce_audio_plugin_client/AU";
				OTHER_CFLAGS = "-Wall -Wextra";
				OTHER_CPLUSPLUSFLAGS = "-Wall -Wextra";
				OTHER_LDFLAGS = "-bundle -lNeveStrip";
				OTHER_REZFLAGS = "-d ppc_$ppc -d i386_$i386 -d ppc64_$ppc64 -d x86_64_$x86_64 -d arm64_$arm64 -I /System/Library/Frameworks/CoreServices.framework/Frameworks/CarbonCore.framework/Versions/A/Headers -I \"$(DEVELOPER_DIR)/Extras/CoreAudio/AudioUnits/AUPublic/AUBase\" -I \"$(DEVELOPER_DIR)/Platforms/MacOSX.platform/Developer/SDKs/MacOSX.sdk/System/Library/Frameworks/AudioUnit.framework/Headers\"";
				PRODUCT_BUNDLE_IDENTIFIER = com.Compstortion.NeveStrip;
				PRODUCT_NAME = "NeveStrip";
				USE_HEADERMAP = NO;
				VALID_ARCHS = "i386 x86_64 arm64 arm64e";
				WRAPPER_EXTENSION = component;
			};
			name = Release;
		};
		B9E837E6CAFDA1E35F3C0BC7 /* Debug */ = {
			isa = XCBuildConfiguration;
			buildSettings = {
				CLANG_CXX_LANGUAGE_STANDARD = "c++17";
				CLANG_CXX_LIBRARY = "libc++";
				CLANG_LINK_OBJC_RUNTIME = NO;
				COMBINE_HIDPI_IMAGES = YES;
				CONFIGURATION_BUILD_DIR = "$(PROJECT_DIR)/build/$(CONFIGURATION)";
				COPY_PHASE_STRIP = NO;
				EXCLUDED_ARCHS = "";
				GCC_DYNAMIC_NO_PIC = NO;
				GCC_OPTIMIZATION_LEVEL = 0;
				GCC_PREPROCESSOR_DEFINITIONS = (
					"_DEBUG=1",
					"DEBUG=1",
					"JUCE_PROJUCER_VERSION=0x8000c",
					"JUCE_MODULE_AVAILABLE_juce_audio_basics=1",
					"JUCE_MODULE_AVAILABLE_juce_audio_devices=1",
					"JUCE_MODULE_AVAILABLE_juce_audio_formats=1",
					"JUCE_MODULE_AVAILABLE_juce_audio_plugin_client=1",
					"JUCE_MODULE_AVAILABLE_juce_audio_processors=1",
					"JUCE_MODULE_AVAILABLE_juce_audio_processors_headless=1",
					"JUCE_MODULE_AVAILABLE_juce_audio_utils=1",
					"JUCE_MODULE_AVAILABLE_juce_core=1",
					"JUCE_MODULE_AVAILABLE_juce_data_structures=1",
					"JUCE_MODULE_AVAILABLE_juce_dsp=1",
					"JUCE_MODULE_AVAILABLE_juce_events=1",
					"JUCE_MODULE_AVAILABLE_juce_graphics=1",
					"JUCE_MODULE_AVAILABLE_juce_gui_basics=1",
					"JUCE_MODULE_AVAILABLE_juce_gui_extra=1",
					"JUCE_GLOBAL_MODULE_SETTINGS_INCLUDED=1",
					"JUCE_VST3_CAN_REPLACE_VST2=0",
					"JUCE_STRICT_REFCOUNTEDPOINTER=1",
					"JucePlugin_Build_VST=0",
					"JucePlugin_Build_VST3=1",
					"JucePlugin_Build_AU=1",
					"JucePlugin_Build_AUv3=0",
					"JucePlugin_Build_AAX=0",
					"JucePlugin_Build_Standalone=0",
					"JucePlugin_Build_Unity=0",
					"JucePlugin_Build_LV2=0",
					"JucePlugin_Enable_IAA=0",
					"JucePlugin_Enable_ARA=0",
					"JucePlugin_Name=\\\"NeveStrip\\\"",
					"JucePlugin_Desc=\\\"Neve-style\\ channel\\ strip\\ plugin\\\"",
					"JucePlugin_Manufacturer=\\\"Compstortion\\\"",
					"JucePlugin_ManufacturerWebsite=\\\"https://github.com/ianfletcher314/nevestrip\\\"",
					"JucePlugin_ManufacturerEmail=\\\"\\\"",
					"JucePlugin_ManufacturerCode=0x436d7073",
					"JucePlugin_PluginCode=0x4e657665",
					"JucePlugin_IsSynth=0",
					"JucePlugin_WantsMidiInput=0",
					"JucePlugin_ProducesMidiOutput=0",
					"JucePlugin_IsMidiEffect=0",
					"JucePlugin_EditorRequiresKeyboardFocus=0",
					"JucePlugin_Version=1.0.0",
					"JucePlugin_VersionCode=0x10000",
					"JucePlugin_VersionString=\\\"1.0.0\\\"",
					"JucePlugin_VSTUniqueID=JucePlugin_PluginCode",
					"JucePlugin_VSTCategory=kPlugCategEffect",
					"JucePlugin_Vst3Category=\\\"Fx\\\"",
					"JucePlugin_AUMainType=\\'aufx\\'",
					"JucePlugin_AUSubType=JucePlugin_PluginCode",
					"JucePlugin_AUExportPrefix=NeveStripAU",
					"JucePlugin_AUExportPrefixQuoted=\\\"NeveStripAU\\\"",
					"JucePlugin_AUManufacturerCode=JucePlugin_ManufacturerCode",
					"JucePlugin_CFBundleIdentifier=com.Compstortion.NeveStrip",
					"JucePlugin_AAXIdentifier=com.Compstortion.NeveStrip",
					"JucePlugin_AAXManufacturerCode=JucePlugin_ManufacturerCode",
					"JucePlugin_AAXProductId=JucePlugin_PluginCode",
					"JucePlugin_AAXCategory=0",
					"JucePlugin_AAXDisableBypass=0",
					"JucePlugin_AAXDisableMultiMono=0",
					"JucePlugin_IAAType=0x61757278",
					"JucePlugin_IAASubType=JucePlugin_PluginCode",
					"JucePlugin_IAAName=\\\"Compstortion:\\ NeveStrip\\\"",
					"JucePlugin_VSTNumMidiInputs=16",
					"JucePlugin_VSTNumMidiOutputs=16",
					"JucePlugin_ARAContentTypes=0",
					"JucePlugin_ARATransformationFlags=0",
					"JucePlugin_ARAFactoryID=\\\"com.Compstortion.NeveStrip.factory\\\"",
					"JucePlugin_ARADocumentArchiveID=\\\"com.Compstortion.NeveStrip.aradocumentarchive.1.0.0\\\"",
					"JucePlugin_ARACompatibleArchiveIDs=\\\"\\\"",
					"JUCE_STANDALONE_APPLICATION=JucePlugin_Build_Standalone",
					"JUCER_XCODE_MAC_F6D2F4CF=1",
					"JUCE_APP_VERSION=1.0.0",
					"JUCE_APP_VERSION_HEX=0x10000",
					"JUCE_SHARED_CODE=1",
				);
				GCC_VERSION = com.apple.compilers.llvm.clang.1_0;
				HEADER_SEARCH_PATHS = (
					"$(SRCROOT)/../../../JUCE/modules/juce_audio_processors_headless/format_types/VST3_SDK",
					"$(SRCROOT)/../../JuceLibraryCode",
					"/Users/ianfletcher/JUCE/modules",
					"$(SRCROOT)/../../../JUCE/modules",
					"/Users/ianfletcher/JUCE/modules/juce_audio_plugin_client/AU",
					"$(inherited)",
				);
				INSTALL_PATH = "@executable_path/../Frameworks";
				MACOSX_DEPLOYMENT_TARGET = 10.13;
				MTL_HEADER_SEARCH_PATHS = "$(SRCROOT)/../../../JUCE/modules/juce_audio_processors_headless/format_types/VST3_SDK $(SRCROOT)/../../JuceLibraryCode /Users/ianfletcher/JUCE/modules $(SRCROOT)/../../../JUCE/modules /Users/ianfletcher/JUCE/modules/juce_audio_plugin_client/AU";
				OTHER_CFLAGS = "-Wall -Wextra";
				OTHER_CPLUSPLUSFLAGS = "-Wall -Wextra";
				PRODUCT_BUNDLE_IDENTIFIER = com.Compstortion.NeveStrip;
				PRODUCT_NAME = "NeveStrip";
				SKIP_INSTALL = YES;
				USE_HEADERMAP = NO;
				VALID_ARCHS = "i386 x86_64 arm64 arm64e";
			};
			name = Debug;
		};
		BC00621CD176CEBED9EC5119 /* Release */ = {
			isa = XCBuildConfiguration;
			buildSettings = {
				CLANG_CXX_LANGUAGE_STANDARD = "c++17";
				CLANG_CXX_LIBRARY = "libc++";
				CLANG_LINK_OBJC_RUNTIME = NO;
				COMBINE_HIDPI_IMAGES = YES;
				CONFIGURATION_BUILD_DIR = "$(PROJECT_DIR)/build/$(CONFIGURATION)";
				DEAD_CODE_STRIPPING = YES;
				EXCLUDED_ARCHS = "";
				GCC_GENERATE_DEBUGGING_SYMBOLS = NO;
				GCC_OPTIMIZATION_LEVEL = 3;
				GCC_PREPROCESSOR_DEFINITIONS = (
					"_NDEBUG=1",
					"NDEBUG=1",
					"JUCE_PROJUCER_VERSION=0x8000c",
					"JUCE_MODULE_AVAILABLE_juce_audio_basics=1",
					"JUCE_MODULE_AVAILABLE_juce_audio_devices=1",
					"JUCE_MODULE_AVAILABLE_juce_audio_formats=1",
					"JUCE_MODULE_AVAILABLE_juce_audio_plugin_client=1",
					"JUCE_MODULE_AVAILABLE_juce_audio_processors=1",
					"JUCE_MODULE_AVAILABLE_juce_audio_processors_headless=1",
					"JUCE_MODULE_AVAILABLE_juce_audio_utils=1",
					"JUCE_MODULE_AVAILABLE_juce_core=1",
					"JUCE_MODULE_AVAILABLE_juce_data_structures=1",
					"JUCE_MODULE_AVAILABLE_juce_dsp=1",
					"JUCE_MODULE_AVAILABLE_juce_events=1",
					"JUCE_MODULE_AVAILABLE_juce_graphics=1",
					"JUCE_MODULE_AVAILABLE_juce_gui_basics=1",
					"JUCE_MODULE_AVAILABLE_juce_gui_extra=1",
					"JUCE_GLOBAL_MODULE_SETTINGS_INCLUDED=1",
					"JUCE_VST3_CAN_REPLACE_VST2=0",
					"JUCE_STRICT_REFCOUNTEDPOINTER=1",
					"JucePlugin_Build_VST=0",
					"JucePlugin_Build_VST3=1",
					"JucePlugin_Build_AU=1",
					"JucePlugin_Build_AUv3=0",
					"JucePlugin_Build_AAX=0",
					"JucePlugin_Build_Standalone=0",
					"JucePlugin_Build_Unity=0",
					"JucePlugin_Build_LV2=0",
					"JucePlugin_Enable_IAA=0",
					"JucePlugin_Enable_ARA=0",
					"JucePlugin_Name=\\\"NeveStrip\\\"",
					"JucePlugin_Desc=\\\"Neve-style\\ channel\\ strip\\ plugin\\\"",
					"JucePlugin_Manufacturer=\\\"Compstortion\\\"",
					"JucePlugin_ManufacturerWebsite=\\\"https://github.com/ianfletcher314/nevestrip\\\"",
					"JucePlugin_ManufacturerEmail=\\\"\\\"",
					"JucePlugin_ManufacturerCode=0x436d7073",
					"JucePlugin_PluginCode=0x4e657665",
					"JucePlugin_IsSynth=0",
					"JucePlugin_WantsMidiInput=0",
					"JucePlugin_ProducesMidiOutput=0",
					"JucePlugin_IsMidiEffect=0",
					"JucePlugin_EditorRequiresKeyboardFocus=0",
					"JucePlugin_Version=1.0.0",
					"JucePlugin_VersionCode=0x10000",
					"JucePlugin_VersionString=\\\"1.0.0\\\"",
					"JucePlugin_VSTUniqueID=JucePlugin_PluginCode",
					"JucePlugin_VSTCategory=kPlugCategEffect",
					"JucePlugin_Vst3Category=\\\"Fx\\\"",
					"JucePlugin_AUMainType=\\'aufx\\'",
					"JucePlugin_AUSubType=JucePlugin_PluginCode",
					"JucePlugin_AUExportPrefix=NeveStripAU",
					"JucePlugin_AUExportPrefixQuoted=\\\"NeveStripAU\\\"",
					"JucePlugin_AUManufacturerCode=JucePlugin_ManufacturerCode",
					"JucePlugin_CFBundleIdentifier=com.Compstortion.NeveStrip",
					"JucePlugin_AAXIdentifier=com.Compstortion.NeveStrip",
					"JucePlugin_AAXManufacturerCode=JucePlugin_ManufacturerCode",
					"JucePlugin_AAXProductId=JucePlugin_PluginCode",
					"JucePlugin_AAXCategory=0",
					"JucePlugin_AAXDisableBypass=0",
					"JucePlugin_AAXDisableMultiMono=0",
					"JucePlugin_IAAType=0x61757278",
					"JucePlugin_IAASubType=JucePlugin_PluginCode",
					"JucePlugin_IAAName=\\\"Compstortion:\\ NeveStrip\\\"",
					"JucePlugin_VSTNumMidiInputs=16",
					"JucePlugin_VSTNumMidiOutputs=16",
					"JucePlugin_ARAContentTypes=0",
					"JucePlugin_ARATransformationFlags=0",
					"JucePlugin_ARAFactoryID=\\\"com.Compstortion.NeveStrip.factory\\\"",
					"JucePlugin_ARADocumentArchiveID=\\\"com.Compstortion.NeveStrip.aradocumentarchive.1.0.0\\\"",
					"JucePlugin_ARACompatibleArchiveIDs=\\\"\\\"",
					"JUCE_STANDALONE_APPLICATION=JucePlugin_Build_Standalone",
					"JUCER_XCODE_MAC_F6D2F4CF=1",
					"JUCE_APP_VERSION=1.0.0",
					"JUCE_APP_VERSION_HEX=0x10000",
					"JUCE_SHARED_CODE=1",
				);
				GCC_VERSION = com.apple.compilers.llvm.clang.1_0;
				HEADER_SEARCH_PATHS = (
					"$(SRCROOT)/../../../JUCE/modules/juce_audio_processors_headless/format_types/VST3_SDK",
					"$(SRCROOT)/../../JuceLibraryCode",
					"/Users/ianfletcher/JUCE/modules",
					"$(SRCROOT)/../../../JUCE/modules",
					"/Users/ianfletcher/JUCE/modules/juce_audio_plugin_client/AU",
					"$(inherited)",
				);
				INSTALL_PATH = "@executable_path/../Frameworks";
				LLVM_LTO = YES;
				MACOSX_DEPLOYMENT_TARGET = 10.13;
				MTL_HEADER_SEARCH_PATHS = "$(SRCROOT)/../../../JUCE/modules/juce_audio_processors_headless/format_types/VST3_SDK $(SRCROOT)/../../JuceLibraryCode /Users/ianfletcher/JUCE/modules $(SRCROOT)/../../../JUCE/modules /Users/ianfletcher/JUCE/modules/juce_audio_plugin_client/AU";
				OTHER_CFLAGS = "-Wall -Wextra";
				OTHER_CPLUSPLUSFLAGS = "-Wall -Wextra";
				PRODUCT_BUNDLE_IDENTIFIER = com.Compstortion.NeveStrip;
				PRODUCT_NAME = "NeveStrip";
				SKIP_INSTALL = YES;
				USE_HEADERMAP = NO;
				VALID_ARCHS = "i386 x86_64 arm64 arm64e";
			};
			name = Release;
		};
		E43C43CECE31B8F70FFC10FF /* Release */ = {
			isa = XCBuildConfiguration;
			buildSettings = {
				ALWAYS_SEARCH_USER_PATHS = NO;
				CLANG_ENABLE_OBJC_WEAK = YES;
				CLANG_WARN_BLOCK_CAPTURE_AUTORELEASING = YES;
				CLANG_WARN_BOOL_CONVERSION = YES;
				CLANG_WARN_COMMA = YES;
				CLANG_WARN_CONSTANT_CONVERSION = YES;
				CLANG_WARN_DEPRECATED_OBJC_IMPLEMENTATIONS = YES;
				CLANG_WARN_EMPTY_BODY = YES;
				CLANG_WARN_ENUM_CONVERSION = YES;
				CLANG_WARN_INFINITE_RECURSION = YES;
				CLANG_WARN_INT_CONVERSION = YES;
				CLANG_WARN_NON_LITERAL_NULL_CONVERSION = YES;
				CLANG_WARN_OBJC_IMPLICIT_RETAIN_SELF = YES;
				CLANG_WARN_OBJC_LITERAL_CONVERSION = YES;
				CLANG_WARN_RANGE_LOOP_ANALYSIS = YES;
				CLANG_WARN_STRICT_PROTOTYPES = YES;
				CLANG_WARN_SUSPICIOUS_MOVE = YES;
				CLANG_WARN_UNREACHABLE_CODE = YES;
				CLANG_WARN__DUPLICATE_METHOD_MATCH = YES;
				DEBUG_INFORMATION_FORMAT = dwarf;
				ENABLE_STRICT_OBJC_MSGSEND = YES;
				ENABLE_TESTABILITY = NO;
				GCC_C_LANGUAGE_STANDARD = c11;
				GCC_INLINES_ARE_PRIVATE_EXTERN = YES;
				GCC_MODEL_TUNING = G5;
				GCC_NO_COMMON_BLOCKS = YES;
				GCC_SYMBOLS_PRIVATE_EXTERN = YES;
				GCC_WARN_64_TO_32_BIT_CONVERSION = YES;
				GCC_WARN_ABOUT_RETURN_TYPE = YES;
				GCC_WARN_CHECK_SWITCH_STATEMENTS = YES;
				GCC_WARN_MISSING_PARENTHESES = YES;
				GCC_WARN_NON_VIRTUAL_DESTRUCTOR = YES;
				GCC_WARN_TYPECHECK_CALLS_TO_PRINTF = YES;
				GCC_WARN_UNDECLARED_SELECTOR = YES;
				GCC_WARN_UNINITIALIZED_AUTOS = YES;
				GCC_WARN_UNUSED_FUNCTION = YES;
				GCC_WARN_UNUSED_VARIABLE = YES;
				OTHER_CODE_SIGN_FLAGS = --timestamp;
				PRODUCT_NAME = "NeveStrip";
				SDKROOT = macosx;
				WARNING_CFLAGS = "-Wreorder";
				ZERO_LINK = NO;
			};
			name = Release;
		};
		E72FD2E384D11549E9BD3078 /* Debug */ = {
			isa = XCBuildConfiguration;
			buildSettings = {
				ALWAYS_SEARCH_USER_PATHS = NO;
				CLANG_ENABLE_OBJC_WEAK = YES;
				CLANG_WARN_BLOCK_CAPTURE_AUTORELEASING = YES;
				CLANG_WARN_BOOL_CONVERSION = YES;
				CLANG_WARN_COMMA = YES;
				CLANG_WARN_CONSTANT_CONVERSION = YES;
				CLANG_WARN_DEPRECATED_OBJC_IMPLEMENTATIONS = YES;
				CLANG_WARN_EMPTY_BODY = YES;
				CLANG_WARN_ENUM_CONVERSION = YES;
				CLANG_WARN_INFINITE_RECURSION = YES;
				CLANG_WARN_INT_CONVERSION = YES;
				CLANG_WARN_NON_LITERAL_NULL_CONVERSION = YES;
				CLANG_WARN_OBJC_IMPLICIT_RETAIN_SELF = YES;
				CLANG_WARN_OBJC_LITERAL_CONVERSION = YES;
				CLANG_WARN_RANGE_LOOP_ANALYSIS = YES;
				CLANG_WARN_STRICT_PROTOTYPES = YES;
				CLANG_WARN_SUSPICIOUS_MOVE = YES;
				CLANG_WARN_UNREACHABLE_CODE = YES;
				CLANG_WARN__DUPLICATE_METHOD_MATCH = YES;
				DEBUG_INFORMATION_FORMAT = dwarf;
				ENABLE_STRICT_OBJC_MSGSEND = YES;
				ENABLE_TESTABILITY = NO;
				GCC_C_LANGUAGE_STANDARD = c11;
				GCC_INLINES_ARE_PRIVATE_EXTERN = YES;
				GCC_MODEL_TUNING = G5;
				GCC_NO_COMMON_BLOCKS = YES;
				GCC_SYMBOLS_PRIVATE_EXTERN = YES;
				GCC_WARN_64_TO_32_BIT_CONVERSION = YES;
				GCC_WARN_ABOUT_RETURN_TYPE = YES;
				GCC_WARN_CHECK_SWITCH_STATEMENTS = YES;
				GCC_WARN_MISSING_PARENTHESES = YES;
				GCC_WARN_NON_VIRTUAL_DESTRUCTOR = YES;
				GCC_WARN_TYPECHECK_CALLS_TO_PRINTF = YES;
				GCC_WARN_UNDECLARED_SELECTOR = YES;
				GCC_WARN_UNINITIALIZED_AUTOS = YES;
				GCC_WARN_UNUSED_FUNCTION = YES;
				GCC_WARN_UNUSED_VARIABLE = YES;
				ONLY_ACTIVE_ARCH = YES;
				OTHER_CODE_SIGN_FLAGS = --timestamp;
				PRODUCT_NAME = "NeveStrip";
				SDKROOT = macosx;
				WARNING_CFLAGS = "-Wreorder";
				ZERO_LINK = NO;
			};
			name = Debug;
		};
/* End XCBuildConfiguration section */

/* Begin XCConfigurationList section */
		006720DC6489D202FFEF8E05 = {
			isa = XCConfigurationList;
			buildConfigurations = (
				7C59F3FD0A291D60BF8930D6,
				A5E99FAEC9ED44A5A94CF1A9,
			);
			defaultConfigurationIsVisible = 0;
			defaultConfigurationName = Debug;
		};
		039054EB402BA92A57D967E4 = {
			isa = XCConfigurationList;
			buildConfigurations = (
				56E3F9F238918CBA3AF99020,
				9BA3DEF88AEF56F530AF449F,
			);
			defaultConfigurationIsVisible = 0;
			defaultConfigurationName = Debug;
		};
		4FE106A198D2CE638BAD5196 = {
			isa = XCConfigurationList;
			buildConfigurations = (
				A22D39CB40A745345A25FD71,
				4E64F1243F94D0A7D0851CFE,
			);
			defaultConfigurationIsVisible = 0;
			defaultConfigurationName = Debug;
		};
		CE1EC75D9D04F22FA7A78F36 = {
			isa = XCConfigurationList;
			buildConfigurations = (
				B9E837E6CAFDA1E35F3C0BC7,
				BC00621CD176CEBED9EC5119,
			);
			defaultConfigurationIsVisible = 0;
			defaultConfigurationName = Debug;
		};
		CEA62741113B26B842002133 = {
			isa = XCConfigurationList;
			buildConfigurations = (
				A45E9A7A3D1C95A9AB56DE33,
				7AC93B943062160C4F394D25,
			);
			defaultConfigurationIsVisible = 0;
			defaultConfigurationName = Debug;
		};
		D7499626719A98585AEFFB01 = {
			isa = XCConfigurationList;
			buildConfigurations = (
				E43C43CECE31B8F70FFC10FF,
				E72FD2E384D11549E9BD3078,
			);
			defaultConfigurationIsVisible = 0;
			defaultConfigurationName = Debug;
		};
/* End XCConfigurationList section */
	};
	rootObject = 999FB5EEBBF2D60B72867316 /* Project object */;
}
